schema: '2.0'
stages:
  download-dataset:
    cmd: "curl --insecure -o data/raw/Lumos5G-v1.0.zip https://lumos5g.umn.edu/downloads/Lumos5G-v1.0.zip\n\
      \ unzip -j data/raw/Lumos5G-v1.0.zip Lumos5G-v1.0/Lumos5G-v1.0.csv -d data/raw/\n\
      \ rm data/raw/Lumos5G-v1.0.zip\n"
    outs:
    - path: data/raw/Lumos5G-v1.0.csv
      hash: md5
      md5: dd525dac43a0823a94e117bbb9a23a14
      size: 8480348
  download:
    cmd: "curl --insecure -o data/raw/Lumos5G-v1.0.zip https://lumos5g.umn.edu/downloads/Lumos5G-v1.0.zip\n\
      \ unzip -j data/raw/Lumos5G-v1.0.zip Lumos5G-v1.0/Lumos5G-v1.0.csv -d data/raw/\n\
      \ rm data/raw/Lumos5G-v1.0.zip\n"
    outs:
    - path: data/raw/Lumos5G-v1.0.csv
      hash: md5
      md5: dd525dac43a0823a94e117bbb9a23a14
      size: 8480348
  prepare:
    cmd: "unzip -j ../../artifacts/lumos5g/data/raw/Lumos5G-v1.0.zip Lumos5G-v1.0/Lumos5G-v1.0.csv\
      \ -d ../../artifacts/lumos5g/data/raw/\npython ../../src/lumos5g/prepare.py\
      \ --input ../../artifacts/lumos5g/data/raw/Lumos5G-v1.0.csv --output ../../artifacts/lumos5g/data/interim/lumos5g.pkl\n\
      rm ../../artifacts/lumos5g/data/raw/Lumos5G-v1.0.csv\n"
    deps:
    - path: ../../artifacts/lumos5g/data/raw/Lumos5G-v1.0.zip
      hash: md5
      md5: 4f5f75277bd564bb00a23d8e94e11c24
      size: 1604062
    - path: ../../src/lumos5g/prepare.py
      hash: md5
      md5: 02821a115da62ade0be29584aed13a81
      size: 6582
    outs:
    - path: ../../artifacts/lumos5g/data/interim/lumos5g.pkl
      hash: md5
      md5: 28b9d351370eca4cf2560ddaa19579c8
      size: 8382327
  featurize:
    cmd: "python ../../src/lumos5g/featurize.py --input ../../artifacts/lumos5g/data/interim/lumos5g.pkl\
      \ --output ../../artifacts/lumos5g/data/prepared/lumos5g.pkl\n"
    deps:
    - path: ../../artifacts/lumos5g/data/interim/lumos5g.pkl
      hash: md5
      md5: 28b9d351370eca4cf2560ddaa19579c8
      size: 8382327
    - path: ../../src/lumos5g/featurize.py
      hash: md5
      md5: 8d518a4c4adc6f99fa458734190d5104
      size: 1873
    outs:
    - path: ../../artifacts/lumos5g/data/prepared/lumos5g.pkl
      hash: md5
      md5: 408c1fb23b80e9424d6185782ee5bf8e
      size: 10901145
  fit@KFold:
    cmd: "python split.py --input data/prepared/lumos5g.pkl --split KFold --indices\
      \ data/splits/KFoldSplit.pkl\n"
    deps:
    - path: data/prepared/lumos5g.pkl
      hash: md5
      md5: b5c856ba0fc031e57fdeee1da02e074b
      size: 10901113
    - path: split.py
      hash: md5
      md5: e19e63e3fd0a276f5cd52dbe6d71b00f
      size: 2282
    params:
      params.yaml:
        split:
          seed: 42
          n_splits: 5
          test_size: 0.2
    outs:
    - path: data/splits/KFoldSplit.pkl
      hash: md5
      md5: 8e0253c0cf2d49630b20c8facdbd95f1
      size: 2725514
  benchmark@KFold-LinearRegression:
    cmd: "python ../../scripts/benchmark.py --use LinearRegression --data data/prepared/lumos5g.pkl\
      \ --split-indices data/splits/KFoldSplit.pkl --output-report models/reports/LinearRegression-KFoldSplit.pkl\n"
    deps:
    - path: ../../scripts/benchmark.py
      hash: md5
      md5: 4b553a741ce9c311915c3372c2b31220
      size: 8198
    - path: data/prepared/lumos5g.pkl
      hash: md5
      md5: b5c856ba0fc031e57fdeee1da02e074b
      size: 10901113
    - path: data/splits/KFoldSplit.pkl
      hash: md5
      md5: 8e0253c0cf2d49630b20c8facdbd95f1
      size: 2725514
    params:
      params.yaml:
        models.LinearRegression:
          module: sklearn.linear_model
          class: LinearRegression
    outs:
    - path: models/reports/LinearRegression-KFoldSplit.pkl
      hash: md5
      md5: 24c8852f15af1c714985dd618cef3d1e
      size: 2182468
  evaluation:
    cmd: "python ../../src/report.py ../../artifacts/lumos5g/models/*-results.pkl\
      \ --output-report ../../artifacts/lumos5g/reports/metrics.json\n"
    deps:
    - path: ../../artifacts/lumos5g/models
      hash: md5
      md5: 244bce837325b5b027fd649491e2e3b7.dir
      size: 8729989
      nfiles: 5
    - path: ../../src/report.py
      hash: md5
      md5: d315d71b09a199d1b584e640cf9afe0f
      size: 1644
    outs:
    - path: ../../artifacts/lumos5g/reports/metrics.json
      hash: md5
      md5: 1067f0c723f32644d7b25139ee18d12f
      size: 754
  benchmark@KFold-XGBRegressor:
    cmd: "python ../../scripts/benchmark.py --use XGBRegressor --data data/prepared/lumos5g.pkl\
      \ --split-indices data/splits/KFoldSplit.pkl --output-report models/reports/XGBRegressor-KFoldSplit.pkl\n"
    deps:
    - path: ../../scripts/benchmark.py
      hash: md5
      md5: 4b553a741ce9c311915c3372c2b31220
      size: 8198
    - path: data/prepared/lumos5g.pkl
      hash: md5
      md5: b5c856ba0fc031e57fdeee1da02e074b
      size: 10901113
    - path: data/splits/KFoldSplit.pkl
      hash: md5
      md5: 8e0253c0cf2d49630b20c8facdbd95f1
      size: 2725514
    params:
      params.yaml:
        models.XGBRegressor:
          module: xgboost
          class: XGBRegressor
          parameters:
            random_state: 42
            enable_categorical: true
    outs:
    - path: models/reports/XGBRegressor-KFoldSplit.pkl
      hash: md5
      md5: f1f9e1c044eaeb5e81cd7016b1027a2a
      size: 2182464
  benchmark@KFold-RandomForestRegressor:
    cmd: "python ../../scripts/benchmark.py --use RandomForestRegressor --data data/prepared/lumos5g.pkl\
      \ --split-indices data/splits/KFoldSplit.pkl --output-report models/reports/RandomForestRegressor-KFoldSplit.pkl\n"
    deps:
    - path: ../../scripts/benchmark.py
      hash: md5
      md5: 4b553a741ce9c311915c3372c2b31220
      size: 8198
    - path: data/prepared/lumos5g.pkl
      hash: md5
      md5: b5c856ba0fc031e57fdeee1da02e074b
      size: 10901113
    - path: data/splits/KFoldSplit.pkl
      hash: md5
      md5: 8e0253c0cf2d49630b20c8facdbd95f1
      size: 2725514
    params:
      params.yaml:
        models.RandomForestRegressor:
          module: sklearn.ensemble
          class: RandomForestRegressor
          parameters:
            random_state: 42
          hyperparameters:
            n_estimators:
            - 10
            - 50
            - 100
            - 250
            - 400
            max_depth:
            - 5
            - 10
            - 30
            - 50
            - 150
            - 200
            - 
    outs:
    - path: models/reports/RandomForestRegressor-KFoldSplit.pkl
      hash: md5
      md5: b5e31b0b9cac560d9c899e80db98ce5f
      size: 2182507
  benchmark@KFold-KNeighborsRegressor:
    cmd: "python ../../scripts/benchmark.py --use KNeighborsRegressor --data data/prepared/lumos5g.pkl\
      \ --split-indices data/splits/KFoldSplit.pkl --output-report models/reports/KNeighborsRegressor-KFoldSplit.pkl\n"
    deps:
    - path: ../../scripts/benchmark.py
      hash: md5
      md5: 4b553a741ce9c311915c3372c2b31220
      size: 8198
    - path: data/prepared/lumos5g.pkl
      hash: md5
      md5: b5c856ba0fc031e57fdeee1da02e074b
      size: 10901113
    - path: data/splits/KFoldSplit.pkl
      hash: md5
      md5: 8e0253c0cf2d49630b20c8facdbd95f1
      size: 2725514
    params:
      params.yaml:
        models.KNeighborsRegressor:
          module: sklearn.neighbors
          class: KNeighborsRegressor
          hyperparameters:
            n_neighbors:
            - 3
            - 5
            - 10
            weights:
            - uniform
            - distance
            p:
            - 1
            - 2
            leaf_size:
            - 10
            - 15
            - 30
            metric:
            - minkowski
            - euclidean
    outs:
    - path: models/reports/KNeighborsRegressor-KFoldSplit.pkl
      hash: md5
      md5: dd0ff2227818774f3723e35c074a7da0
      size: 2182551
  split@KFold:
    cmd: "python ../../src/lumos5g/split.py --input ../../artifacts/lumos5g/data/prepared/lumos5g.pkl\
      \ --split KFold --output-indices ../../artifacts/lumos5g/data/splits/KFoldSplit.pkl\n"
    deps:
    - path: ../../artifacts/lumos5g/data/prepared/lumos5g.pkl
      hash: md5
      md5: 408c1fb23b80e9424d6185782ee5bf8e
      size: 10901145
    - path: ../../src/lumos5g/split.py
      hash: md5
      md5: 6d4d97c2426e345cad7d8e5033b1c809
      size: 1903
    params:
      params.yaml:
        split:
          seed: 42
          n_splits: 5
          test_size: 0.2
    outs:
    - path: ../../artifacts/lumos5g/data/splits/KFoldSplit.pkl
      hash: md5
      md5: 8e0253c0cf2d49630b20c8facdbd95f1
      size: 2725514
  optimization@KFold-KNeighborsRegressor:
    cmd: "python ../../src/benchmark.py --use KNeighborsRegressor --data ../../artifacts/lumos5g/data/prepared/lumos5g.pkl\
      \ --split-indices ../../artifacts/lumos5g/data/splits/KFoldSplit.pkl --output-results\
      \ ../../artifacts/lumos5g/models/KNeighborsRegressor-KFoldSplit-results.pkl\n"
    deps:
    - path: ../../artifacts/lumos5g/data/prepared/lumos5g.pkl
      hash: md5
      md5: 408c1fb23b80e9424d6185782ee5bf8e
      size: 10901145
    - path: ../../artifacts/lumos5g/data/splits/KFoldSplit.pkl
      hash: md5
      md5: 8e0253c0cf2d49630b20c8facdbd95f1
      size: 2725514
    - path: ../../src/benchmark.py
      hash: md5
      md5: 09883bbe25905a59e21e7ab82ff4e59c
      size: 11189
    params:
      params.yaml:
        models.KNeighborsRegressor:
          module: sklearn.neighbors
          class: KNeighborsRegressor
          hyperparameters:
            n_neighbors:
            - 3
            - 5
            - 10
            weights:
            - uniform
            - distance
            p:
            - 1
            - 2
            leaf_size:
            - 10
            - 15
            - 30
            metric:
            - minkowski
            - euclidean
    outs:
    - path: ../../artifacts/lumos5g/models/KNeighborsRegressor-KFoldSplit-results.pkl
      hash: md5
      md5: 2e4108c20d8a10dc6cfa68ac5c88379e
      size: 550558
  optimization@KFold-LinearRegression:
    cmd: "python ../../src/benchmark.py --use LinearRegression --data ../../artifacts/lumos5g/data/prepared/lumos5g.pkl\
      \ --split-indices ../../artifacts/lumos5g/data/splits/KFoldSplit.pkl --output-results\
      \ ../../artifacts/lumos5g/models/LinearRegression-KFoldSplit-results.pkl\n"
    deps:
    - path: ../../artifacts/lumos5g/data/prepared/lumos5g.pkl
      hash: md5
      md5: 408c1fb23b80e9424d6185782ee5bf8e
      size: 10901145
    - path: ../../artifacts/lumos5g/data/splits/KFoldSplit.pkl
      hash: md5
      md5: 8e0253c0cf2d49630b20c8facdbd95f1
      size: 2725514
    - path: ../../src/benchmark.py
      hash: md5
      md5: 09883bbe25905a59e21e7ab82ff4e59c
      size: 11189
    params:
      params.yaml:
        models.LinearRegression:
          module: sklearn.linear_model
          class: LinearRegression
          hyperparameters:
            fit_intercept:
            - true
            - false
    outs:
    - path: ../../artifacts/lumos5g/models/LinearRegression-KFoldSplit-results.pkl
      hash: md5
      md5: d8d52ff73849c0934f11fb5407191525
      size: 546478
  optimization@KFold-RandomForestRegressor:
    cmd: "python ../../src/benchmark.py --use RandomForestRegressor --data ../../artifacts/lumos5g/data/prepared/lumos5g.pkl\
      \ --split-indices ../../artifacts/lumos5g/data/splits/KFoldSplit.pkl --output-results\
      \ ../../artifacts/lumos5g/models/RandomForestRegressor-KFoldSplit-results.pkl\n"
    deps:
    - path: ../../artifacts/lumos5g/data/prepared/lumos5g.pkl
      hash: md5
      md5: 408c1fb23b80e9424d6185782ee5bf8e
      size: 10901145
    - path: ../../artifacts/lumos5g/data/splits/KFoldSplit.pkl
      hash: md5
      md5: 8e0253c0cf2d49630b20c8facdbd95f1
      size: 2725514
    - path: ../../src/benchmark.py
      hash: md5
      md5: 09883bbe25905a59e21e7ab82ff4e59c
      size: 11189
    params:
      params.yaml:
        models.RandomForestRegressor:
          module: sklearn.ensemble
          class: RandomForestRegressor
          parameters:
            random_state: 42
          hyperparameters:
            n_estimators:
            - 10
            - 50
            - 100
            - 250
            - 400
            max_depth:
            - 5
            - 10
            - 30
            - 50
            - 150
            - 200
            - 
    outs:
    - path: ../../artifacts/lumos5g/models/RandomForestRegressor-KFoldSplit-results.pkl
      hash: md5
      md5: acd70f2720b3a941d7fd72c6ff752a84
      size: 547870
  optimization@KFold-XGBRegressor:
    cmd: "python ../../src/benchmark.py --use XGBRegressor --data ../../artifacts/lumos5g/data/prepared/lumos5g.pkl\
      \ --split-indices ../../artifacts/lumos5g/data/splits/KFoldSplit.pkl --output-results\
      \ ../../artifacts/lumos5g/models/XGBRegressor-KFoldSplit-results.pkl\n"
    deps:
    - path: ../../artifacts/lumos5g/data/prepared/lumos5g.pkl
      hash: md5
      md5: 408c1fb23b80e9424d6185782ee5bf8e
      size: 10901145
    - path: ../../artifacts/lumos5g/data/splits/KFoldSplit.pkl
      hash: md5
      md5: 8e0253c0cf2d49630b20c8facdbd95f1
      size: 2725514
    - path: ../../src/benchmark.py
      hash: md5
      md5: 09883bbe25905a59e21e7ab82ff4e59c
      size: 11189
    params:
      params.yaml:
        models.XGBRegressor:
          module: xgboost
          class: XGBRegressor
          parameters:
            random_state: 42
            enable_categorical: true
          hyperparameters:
            n_estimators:
            - 10
            - 50
            - 100
            - 250
            max_depth:
            - 3
            - 5
            - 10
            - 30
            - 50
            learning_rate:
            - 0.01
            - 0.1
            - 0.2
    outs:
    - path: ../../artifacts/lumos5g/models/XGBRegressor-KFoldSplit-results.pkl
      hash: md5
      md5: ced5953056ab04d55d534c2c7273d766
      size: 551582
  eda_raw:
    cmd: "python ../../src/eda.py --input ../../artifacts/lumos5g/data/interim/lumos5g.pkl\
      \ --output ../../artifacts/lumos5g/reports/interim/lumos5g.tex\n"
    deps:
    - path: ../../artifacts/lumos5g/data/interim/lumos5g.pkl
      hash: md5
      md5: 28b9d351370eca4cf2560ddaa19579c8
      size: 8382327
    - path: ../../src/eda.py
      hash: md5
      md5: dd1b5c9343c85e5f00c74eb78c53a61f
      size: 9440
    outs:
    - path: ../../artifacts/lumos5g/reports/interim/lumos5g.tex
      hash: md5
      md5: e79a5529c2967eaafab2288bdb459ee5
      size: 11676
  eda_features:
    cmd: "python ../../src/eda.py --input ../../artifacts/lumos5g/data/prepared/lumos5g.pkl\
      \ --output ../../artifacts/lumos5g/reports/prepared/lumos5g.tex\n"
    deps:
    - path: ../../artifacts/lumos5g/data/prepared/lumos5g.pkl
      hash: md5
      md5: 408c1fb23b80e9424d6185782ee5bf8e
      size: 10901145
    - path: ../../src/eda.py
      hash: md5
      md5: e6c9a4d447ccb8c1bda8160e694c241b
      size: 9439
    outs:
    - path: ../../artifacts/lumos5g/reports/prepared/lumos5g.tex
      hash: md5
      md5: c81915c42537a81ae5275ad563160012
      size: 13300
  gridsearch@KFold-LinearRegression:
    cmd: "python ../../src/benchmark.py --use LinearRegression --optimizer gridsearch\
      \ --data ../../artifacts/lumos5g/data/prepared/lumos5g.pkl --split-indices ../../artifacts/lumos5g/data/splits/KFoldSplit.pkl\
      \ --output-results ../../artifacts/lumos5g/models/LinearRegression-KFoldSplit-results.pkl\n"
    deps:
    - path: ../../artifacts/lumos5g/data/prepared/lumos5g.pkl
      hash: md5
      md5: 408c1fb23b80e9424d6185782ee5bf8e
      size: 10901145
    - path: ../../artifacts/lumos5g/data/splits/KFoldSplit.pkl
      hash: md5
      md5: 8e0253c0cf2d49630b20c8facdbd95f1
      size: 2725514
    - path: ../../src/benchmark.py
      hash: md5
      md5: eded54c29c962738380efdea30354188
      size: 11874
    params:
      params.yaml:
        gridsearch.LinearRegression:
          module: sklearn.linear_model
          class: LinearRegression
          hyperparameters:
            fit_intercept:
            - true
            - false
    outs:
    - path: ../../artifacts/lumos5g/models/LinearRegression-KFoldSplit-results.pkl
      hash: md5
      md5: cd02cfe0988d0a4905c07ef285a1df77
      size: 3275198
  gridsearch@KFold-XGBRegressor:
    cmd: "python ../../src/benchmark.py --use XGBRegressor --data ../../artifacts/lumos5g/data/prepared/lumos5g.pkl\
      \ --split-indices ../../artifacts/lumos5g/data/splits/KFoldSplit.pkl --output-results\
      \ ../../artifacts/lumos5g/models/XGBRegressor-KFoldSplit-results.pkl\n"
    deps:
    - path: ../../artifacts/lumos5g/data/prepared/lumos5g.pkl
      hash: md5
      md5: 408c1fb23b80e9424d6185782ee5bf8e
      size: 10901145
    - path: ../../artifacts/lumos5g/data/splits/KFoldSplit.pkl
      hash: md5
      md5: 8e0253c0cf2d49630b20c8facdbd95f1
      size: 2725514
    - path: ../../src/benchmark.py
      hash: md5
      md5: 3f79c600d52d4c285dbc387bbd7c0a1b
      size: 11475
    params:
      params.yaml:
        gridsearch.XGBRegressor:
          module: xgboost
          class: XGBRegressor
          parameters:
            random_state: 42
            enable_categorical: true
          hyperparameters:
            n_estimators:
            - 10
            - 50
            - 100
            - 250
            max_depth:
            - 3
            - 5
            - 10
            - 30
            - 50
            learning_rate:
            - 0.01
            - 0.1
            - 0.2
    outs:
    - path: ../../artifacts/lumos5g/models/XGBRegressor-KFoldSplit-results.pkl
      hash: md5
      md5: 1ae19dd1aa184045b8a12919113135ef
      size: 549662
  automl@KFold-example:
    cmd: "python ../../src/benchmark.py --use example --optimizer automl --data ../../artifacts/lumos5g/data/prepared/lumos5g.pkl\
      \ --split-indices ../../artifacts/lumos5g/data/splits/KFoldSplit.pkl --output-results\
      \ ../../artifacts/lumos5g/models/example-KFoldSplit-results.pkl\n"
    deps:
    - path: ../../artifacts/lumos5g/data/prepared/lumos5g.pkl
      hash: md5
      md5: 408c1fb23b80e9424d6185782ee5bf8e
      size: 10901145
    - path: ../../artifacts/lumos5g/data/splits/KFoldSplit.pkl
      hash: md5
      md5: 8e0253c0cf2d49630b20c8facdbd95f1
      size: 2725514
    - path: ../../src/benchmark.py
      hash: md5
      md5: ff3d131a5e33350d58c2fa64ddfec8be
      size: 6137
    params:
      params.yaml:
        automl.example:
          inputs:
          - name: data_input
          outputs:
          - name: x_out
          - name: y_out
          fit_settings:
            epochs: 2
          settings:
            max_trials: 2
            overwrite: true
    outs:
    - path: ../../artifacts/lumos5g/models/example-KFoldSplit-results.pkl
      hash: md5
      md5: 791773dc3a9de69e73a2e827f54fc225
      size: 2182862
