schema: '2.0'
stages:
  prepare:
    cmd:
    - unzip ../../artifacts/ctw2019/data/raw/CTW2019_Dataset_h5.zip -d ../../artifacts/ctw2019/data/raw/
    - "python ../../src/ctw2019/prepare.py --data-h ../../artifacts/ctw2019/data/raw/h_Estimated_CTW_Train.h5\
      \ --data-snr ../../artifacts/ctw2019/data/raw/SNR_CTW_Train.h5 --data-pos ../../artifacts/ctw2019/data/raw/r_Position_CTW_Train.h5\
      \ --output ../../artifacts/ctw2019/data/interim/ctw2019.pkl\n"
    - rm ../../artifacts/ctw2019/data/raw/*.h5
    deps:
    - path: ../../artifacts/ctw2019/data/raw/CTW2019_Dataset_h5.zip
      hash: md5
      md5: 9b545ea7a494aea9106aaf603b9ec989
      size: 3961470982
    - path: ../../src/ctw2019/prepare.py
      hash: md5
      md5: 4e866e228367979f8d8d8bb0a6085fd2
      size: 2359
    outs:
    - path: ../../artifacts/ctw2019/data/interim/ctw2019.pkl
      hash: md5
      md5: f7da6e25307f7305fa2ac405ae9ffb7c
      size: 2069433498
  featurize:
    cmd: "python ../../src/ctw2019/featurize.py --input ../../artifacts/ctw2019/data/interim/ctw2019.pkl\
      \ --output ../../artifacts/ctw2019/data/prepared/ctw2019.pkl\n"
    deps:
    - path: ../../artifacts/ctw2019/data/interim/ctw2019.pkl
      hash: md5
      md5: f7da6e25307f7305fa2ac405ae9ffb7c
      size: 2069433498
    - path: ../../src/ctw2019/featurize.py
      hash: md5
      md5: 442ae0495935ef0062fad542870403bc
      size: 1169
    outs:
    - path: ../../artifacts/ctw2019/data/prepared/ctw2019.pkl
      hash: md5
      md5: 3fe82724f38155d4a7a78f2b2855eff3
      size: 2069363555
  split@ShortEdge:
    cmd: "python ../../src/ctw2019/split.py --input ../../artifacts/ctw2019/data/prepared/ctw2019.pkl\
      \ --split ShortEdge --output-indices ../../artifacts/ctw2019/data/splits/ShortEdgeSplit.pkl\n"
    deps:
    - path: ../../artifacts/ctw2019/data/prepared/ctw2019.pkl
      hash: md5
      md5: 3fe82724f38155d4a7a78f2b2855eff3
      size: 2069363555
    - path: ../../src/ctw2019/split.py
      hash: md5
      md5: b8fd0fe36c3db2520ed330841f38e535
      size: 3006
    params:
      params.yaml:
        split:
          seed: 42
          n_splits: 5
          test_size: 0.2
    outs:
    - path: ../../artifacts/ctw2019/data/splits/ShortEdgeSplit.pkl
      hash: md5
      md5: 92d487a26dcfddfdc8e272a1c4560062
      size: 140238
  split@Cutout:
    cmd: "python ../../src/ctw2019/split.py --input ../../artifacts/ctw2019/data/prepared/ctw2019.pkl\
      \ --split Cutout --output-indices ../../artifacts/ctw2019/data/splits/CutoutSplit.pkl\n"
    deps:
    - path: ../../artifacts/ctw2019/data/prepared/ctw2019.pkl
      hash: md5
      md5: 3fe82724f38155d4a7a78f2b2855eff3
      size: 2069363555
    - path: ../../src/ctw2019/split.py
      hash: md5
      md5: b9e80fd8e91d238d29b226e30642413b
      size: 3449
    params:
      params.yaml:
        split:
          seed: 42
          n_splits: 5
          test_size: 0.2
    outs:
    - path: ../../artifacts/ctw2019/data/splits/CutoutSplit.pkl
      hash: md5
      md5: d482455520e5a6d583342d4096965fb8
      size: 140227
  split@LongEdge:
    cmd: "python ../../src/ctw2019/split.py --input ../../artifacts/ctw2019/data/prepared/ctw2019.pkl\
      \ --split LongEdge --output-indices ../../artifacts/ctw2019/data/splits/LongEdgeSplit.pkl\n"
    deps:
    - path: ../../artifacts/ctw2019/data/prepared/ctw2019.pkl
      hash: md5
      md5: 3fe82724f38155d4a7a78f2b2855eff3
      size: 2069363555
    - path: ../../src/ctw2019/split.py
      hash: md5
      md5: b8fd0fe36c3db2520ed330841f38e535
      size: 3006
    params:
      params.yaml:
        split:
          seed: 42
          n_splits: 5
          test_size: 0.2
    outs:
    - path: ../../artifacts/ctw2019/data/splits/LongEdgeSplit.pkl
      hash: md5
      md5: 55bfb893a099dcf434ab79cae12cd2b1
      size: 140229
  split@KFold:
    cmd: python split.py --input data/prepared/ctw2019.pkl --split KFold --output-indices
      data/splits/KFoldSplit.pkl
    deps:
    - path: data/prepared/ctw2019.pkl
      hash: md5
      md5: c74611a56980f7e112e39ddf7377e3a0
      size: 2068524195
    - path: split.py
      hash: md5
      md5: 07f46f5dbe7d815abef2cba33301f73d
      size: 3454
    params:
      params.yaml:
        seed: 42
        split:
          n_splits: 5
          test_size: 0.2
    outs:
    - path: data/splits/KFoldSplit.pkl
      hash: md5
      md5: 199af3c437c9c014d78909477fc32fc2
      size: 700197
  split@Random:
    cmd: "python ../../src/ctw2019/split.py --input ../../artifacts/ctw2019/data/prepared/ctw2019.pkl\
      \ --split Random --output-indices ../../artifacts/ctw2019/data/splits/RandomSplit.pkl\n"
    deps:
    - path: ../../artifacts/ctw2019/data/prepared/ctw2019.pkl
      hash: md5
      md5: 3fe82724f38155d4a7a78f2b2855eff3
      size: 2069363555
    - path: ../../src/ctw2019/split.py
      hash: md5
      md5: b8fd0fe36c3db2520ed330841f38e535
      size: 3006
    params:
      params.yaml:
        split:
          seed: 42
          n_splits: 5
          test_size: 0.2
    outs:
    - path: ../../artifacts/ctw2019/data/splits/RandomSplit.pkl
      hash: md5
      md5: 08d18bb17d58cd555431df2167ad3e25
      size: 700227
  benchmark@LongEdge-RandomForestRegressor:
    cmd: "python train.py --use RandomForestRegressor --data data/prepared/ctw2019.pkl\
      \ --split-indices data/splits/LongEdgeSplit.pkl --output-report models/reports/RandomForestRegressor-LongEdgeSplit.pkl\n"
    deps:
    - path: data/prepared/ctw2019.pkl
      hash: md5
      md5: 92e3fe5ddf9d63d4b470e69679252aee
      size: 2069363555
    - path: data/splits/LongEdgeSplit.pkl
      hash: md5
      md5: 55bfb893a099dcf434ab79cae12cd2b1
      size: 140229
    - path: train.py
      hash: md5
      md5: d622612bd274b1b0c2ddb6d49a7696fa
      size: 6319
    params:
      params.yaml:
        models.regression:
          seed: 42
        seed: 42
    outs:
    - path: models/reports/RandomForestRegressor-LongEdgeSplit.pkl
      hash: md5
      md5: e419bff4ca7468950218f12013dd9c6c
      size: 47930
  evaluation:
    cmd: "python ../../scripts/report.py models/reports/*.pkl --output-report reports/metrics.json\n"
    deps:
    - path: ../../scripts/report.py
      hash: md5
      md5: fc8ffb4da9fc3d6287ed870e370153ff
      size: 1642
    - path: models/reports
      hash: md5
      md5: 8e2fa3486d2b2ed8a6321468e0264f14.dir
      size: 1404872
      nfiles: 6
    outs:
    - path: reports/metrics.json
      hash: md5
      md5: c4087be7ad42a1bcc0f377b0c851fd5e
      size: 964
  benchmark@LongEdge-LinearRegression:
    cmd: "python train.py --use LinearRegression --data data/prepared/ctw2019.pkl\
      \ --split-indices data/splits/LongEdgeSplit.pkl --output-report models/reports/LinearRegression-LongEdgeSplit.pkl\n"
    deps:
    - path: data/prepared/ctw2019.pkl
      hash: md5
      md5: 55a086d0ade874bcd93fc8ebd87b850f
      size: 2069503411
    - path: data/splits/LongEdgeSplit.pkl
      hash: md5
      md5: 55bfb893a099dcf434ab79cae12cd2b1
      size: 140229
    - path: train.py
      hash: md5
      md5: 0906ab6f669e50f458751e5028428033
      size: 5965
    params:
      params.yaml:
        models.regression:
          seed: 42
        seed: 42
    outs:
    - path: models/reports/LinearRegression-LongEdgeSplit.pkl
      hash: md5
      md5: 5228c25fedc7fd048e34fa15be11675f
      size: 47925
  benchmark-deeplearning@LongEdge-arnold2019localization:
    cmd: "python train_deep.py --use arnold2019localization --data data/prepared/ctw2019.pkl\
      \ --split-indices data/splits/LongEdgeSplit.pkl --output-report models/reports/arnold2019localization-LongEdgeSplit.pkl\n"
    deps:
    - path: data/prepared/ctw2019.pkl
      hash: md5
      md5: 1e662e75bbce915da36b47246ed39fa3
      size: 2069503475
    - path: data/splits/LongEdgeSplit.pkl
      hash: md5
      md5: 55bfb893a099dcf434ab79cae12cd2b1
      size: 140229
    - path: train_deep.py
      hash: md5
      md5: b8d68eac5e6c4d70916e71f45c34f0da
      size: 4589
    params:
      params.yaml:
        models.regression:
          seed: 42
        seed: 42
    outs:
    - path: models/reports/arnold2019localization-LongEdgeSplit.pkl
      hash: md5
      md5: af33275a8a2661cdbfcc76618b873f06
      size: 47947
  benchmark-deeplearning@ShortEdge-arnold2019localization:
    cmd: "python train_deep.py --use arnold2019localization --data data/prepared/ctw2019.pkl\
      \ --split-indices data/splits/ShortEdgeSplit.pkl --output-report models/reports/arnold2019localization-ShortEdgeSplit.pkl\n"
    deps:
    - path: data/prepared/ctw2019.pkl
      hash: md5
      md5: 1e662e75bbce915da36b47246ed39fa3
      size: 2069503475
    - path: data/splits/ShortEdgeSplit.pkl
      hash: md5
      md5: 92d487a26dcfddfdc8e272a1c4560062
      size: 140238
    - path: train_deep.py
      hash: md5
      md5: b8d68eac5e6c4d70916e71f45c34f0da
      size: 4589
    params:
      params.yaml:
        models.regression:
          seed: 42
        seed: 42
    outs:
    - path: models/reports/arnold2019localization-ShortEdgeSplit.pkl
      hash: md5
      md5: 4d765d995d372c6a998fdfb2c24947f7
      size: 44180
  benchmark-deeplearning@Random-arnold2019localization:
    cmd: "python train_deep.py --use arnold2019localization --data data/prepared/ctw2019.pkl\
      \ --split-indices data/splits/RandomSplit.pkl --output-report models/reports/arnold2019localization-RandomSplit.pkl\n"
    deps:
    - path: data/prepared/ctw2019.pkl
      hash: md5
      md5: 1e662e75bbce915da36b47246ed39fa3
      size: 2069503475
    - path: data/splits/RandomSplit.pkl
      hash: md5
      md5: 08d18bb17d58cd555431df2167ad3e25
      size: 700227
    - path: train_deep.py
      hash: md5
      md5: b8d68eac5e6c4d70916e71f45c34f0da
      size: 4589
    params:
      params.yaml:
        models.regression:
          seed: 42
        seed: 42
    outs:
    - path: models/reports/arnold2019localization-RandomSplit.pkl
      hash: md5
      md5: 9b9da7786c22efede72b6de4f9aea953
      size: 420931
  benchmark-deeplearning@Cutout-arnold2019localization:
    cmd: "python train_deep.py --use arnold2019localization --data data/prepared/ctw2019.pkl\
      \ --split-indices data/splits/CutoutSplit.pkl --output-report models/reports/arnold2019localization-CutoutSplit.pkl\n"
    deps:
    - path: data/prepared/ctw2019.pkl
      hash: md5
      md5: 1e662e75bbce915da36b47246ed39fa3
      size: 2069503475
    - path: data/splits/CutoutSplit.pkl
      hash: md5
      md5: d482455520e5a6d583342d4096965fb8
      size: 140227
    - path: train_deep.py
      hash: md5
      md5: b8d68eac5e6c4d70916e71f45c34f0da
      size: 4589
    params:
      params.yaml:
        models.regression:
          seed: 42
        seed: 42
    outs:
    - path: models/reports/arnold2019localization-CutoutSplit.pkl
      hash: md5
      md5: 8d3aa81c77b3e0a2c267563c33e95e3c
      size: 46409
  benchmark-deeplearning@LongEdge-arnold2019sounding:
    cmd: "python train_deep.py --use arnold2019sounding --data data/prepared/ctw2019.pkl\
      \ --split-indices data/splits/LongEdgeSplit.pkl --output-report models/reports/arnold2019sounding-LongEdgeSplit.pkl\n"
    deps:
    - path: data/prepared/ctw2019.pkl
      hash: md5
      md5: 1e662e75bbce915da36b47246ed39fa3
      size: 2069503475
    - path: data/splits/LongEdgeSplit.pkl
      hash: md5
      md5: 55bfb893a099dcf434ab79cae12cd2b1
      size: 140229
    - path: train_deep.py
      hash: md5
      md5: d575c74ff2036fa5548989abec361edf
      size: 5219
    params:
      params.yaml:
        models.regression:
          seed: 42
        seed: 42
    outs:
    - path: models/reports/arnold2019sounding-LongEdgeSplit.pkl
      hash: md5
      md5: 0adf882610adf9914d1661a7ed3999e5
      size: 47943
  benchmark-deeplearning@Cutout-arnold2019sounding:
    cmd: "python train_deep.py --use arnold2019sounding --data data/prepared/ctw2019.pkl\
      \ --split-indices data/splits/CutoutSplit.pkl --output-report models/reports/arnold2019sounding-CutoutSplit.pkl\n"
    deps:
    - path: data/prepared/ctw2019.pkl
      hash: md5
      md5: 1e662e75bbce915da36b47246ed39fa3
      size: 2069503475
    - path: data/splits/CutoutSplit.pkl
      hash: md5
      md5: d482455520e5a6d583342d4096965fb8
      size: 140227
    - path: train_deep.py
      hash: md5
      md5: d575c74ff2036fa5548989abec361edf
      size: 5219
    params:
      params.yaml:
        models.regression:
          seed: 42
        seed: 42
    outs:
    - path: models/reports/arnold2019sounding-CutoutSplit.pkl
      hash: md5
      md5: 7d368e1724441f0b7ec09366615a382d
      size: 46405
  benchmark-deeplearning@Random-arnold2019sounding:
    cmd: "python train_deep.py --use arnold2019sounding --data data/prepared/ctw2019.pkl\
      \ --split-indices data/splits/RandomSplit.pkl --output-report models/reports/arnold2019sounding-RandomSplit.pkl\n"
    deps:
    - path: data/prepared/ctw2019.pkl
      hash: md5
      md5: 1e662e75bbce915da36b47246ed39fa3
      size: 2069503475
    - path: data/splits/RandomSplit.pkl
      hash: md5
      md5: 08d18bb17d58cd555431df2167ad3e25
      size: 700227
    - path: train_deep.py
      hash: md5
      md5: d575c74ff2036fa5548989abec361edf
      size: 5219
    params:
      params.yaml:
        models.regression:
          seed: 42
        seed: 42
    outs:
    - path: models/reports/arnold2019sounding-RandomSplit.pkl
      hash: md5
      md5: b6264b2d6806e1716ebc1010ba28a2bf
      size: 420927
  benchmark-deeplearning@ShortEdge-arnold2019sounding:
    cmd: "python train_deep.py --use arnold2019sounding --data data/prepared/ctw2019.pkl\
      \ --split-indices data/splits/ShortEdgeSplit.pkl --output-report models/reports/arnold2019sounding-ShortEdgeSplit.pkl\n"
    deps:
    - path: data/prepared/ctw2019.pkl
      hash: md5
      md5: 1e662e75bbce915da36b47246ed39fa3
      size: 2069503475
    - path: data/splits/ShortEdgeSplit.pkl
      hash: md5
      md5: 92d487a26dcfddfdc8e272a1c4560062
      size: 140238
    - path: train_deep.py
      hash: md5
      md5: d575c74ff2036fa5548989abec361edf
      size: 5219
    params:
      params.yaml:
        models.regression:
          seed: 42
        seed: 42
    outs:
    - path: models/reports/arnold2019sounding-ShortEdgeSplit.pkl
      hash: md5
      md5: 2544f9f88aa512f00dd44e1168a0130c
      size: 44176
  benchmark-deeplearning@LongEdge-arnold2018deep:
    cmd: "python train_deep.py --use arnold2018deep --data data/prepared/ctw2019.pkl\
      \ --split-indices data/splits/LongEdgeSplit.pkl --output-report models/reports/arnold2018deep-LongEdgeSplit.pkl\n"
    deps:
    - path: data/prepared/ctw2019.pkl
      hash: md5
      md5: 1e662e75bbce915da36b47246ed39fa3
      size: 2069503475
    - path: data/splits/LongEdgeSplit.pkl
      hash: md5
      md5: 55bfb893a099dcf434ab79cae12cd2b1
      size: 140229
    - path: train_deep.py
      hash: md5
      md5: d575c74ff2036fa5548989abec361edf
      size: 5219
    params:
      params.yaml:
        models.regression:
          seed: 42
        seed: 42
    outs:
    - path: models/reports/arnold2018deep-LongEdgeSplit.pkl
      hash: md5
      md5: 44ae5353abf5b507d9182aae7f165145
      size: 47939
  benchmark-deeplearning@ShortEdge-arnold2018deep:
    cmd: "python train_deep.py --use arnold2018deep --data data/prepared/ctw2019.pkl\
      \ --split-indices data/splits/ShortEdgeSplit.pkl --output-report models/reports/arnold2018deep-ShortEdgeSplit.pkl\n"
    deps:
    - path: data/prepared/ctw2019.pkl
      hash: md5
      md5: 1e662e75bbce915da36b47246ed39fa3
      size: 2069503475
    - path: data/splits/ShortEdgeSplit.pkl
      hash: md5
      md5: 92d487a26dcfddfdc8e272a1c4560062
      size: 140238
    - path: train_deep.py
      hash: md5
      md5: d575c74ff2036fa5548989abec361edf
      size: 5219
    params:
      params.yaml:
        models.regression:
          seed: 42
        seed: 42
    outs:
    - path: models/reports/arnold2018deep-ShortEdgeSplit.pkl
      hash: md5
      md5: db211b469dc8cd8646a24935e633115b
      size: 44172
  benchmark-deeplearning@Random-arnold2018deep:
    cmd: "python train_deep.py --use arnold2018deep --data data/prepared/ctw2019.pkl\
      \ --split-indices data/splits/RandomSplit.pkl --output-report models/reports/arnold2018deep-RandomSplit.pkl\n"
    deps:
    - path: data/prepared/ctw2019.pkl
      hash: md5
      md5: 1e662e75bbce915da36b47246ed39fa3
      size: 2069503475
    - path: data/splits/RandomSplit.pkl
      hash: md5
      md5: 08d18bb17d58cd555431df2167ad3e25
      size: 700227
    - path: train_deep.py
      hash: md5
      md5: d575c74ff2036fa5548989abec361edf
      size: 5219
    params:
      params.yaml:
        models.regression:
          seed: 42
        seed: 42
    outs:
    - path: models/reports/arnold2018deep-RandomSplit.pkl
      hash: md5
      md5: 85fbe72b4d2d1f95b6c87fc059c10d47
      size: 420923
  benchmark-deeplearning@Cutout-arnold2018deep:
    cmd: "python train_deep.py --use arnold2018deep --data data/prepared/ctw2019.pkl\
      \ --split-indices data/splits/CutoutSplit.pkl --output-report models/reports/arnold2018deep-CutoutSplit.pkl\n"
    deps:
    - path: data/prepared/ctw2019.pkl
      hash: md5
      md5: 1e662e75bbce915da36b47246ed39fa3
      size: 2069503475
    - path: data/splits/CutoutSplit.pkl
      hash: md5
      md5: d482455520e5a6d583342d4096965fb8
      size: 140227
    - path: train_deep.py
      hash: md5
      md5: d575c74ff2036fa5548989abec361edf
      size: 5219
    params:
      params.yaml:
        models.regression:
          seed: 42
        seed: 42
    outs:
    - path: models/reports/arnold2018deep-CutoutSplit.pkl
      hash: md5
      md5: 5c67318432b4e7df977a5a49dcf515be
      size: 46401
  flatten:
    cmd: "python ../../src/ctw2019/flatten.py --input ../../artifacts/ctw2019/data/prepared/ctw2019.pkl\
      \ --output ../../artifacts/ctw2019/data/prepared/ctw2019.flatten.pkl\n"
    deps:
    - path: ../../artifacts/ctw2019/data/prepared/ctw2019.pkl
      hash: md5
      md5: 3fe82724f38155d4a7a78f2b2855eff3
      size: 2069363555
    - path: ../../src/ctw2019/flatten.py
      hash: md5
      md5: daf8c32fa4b4c990c3d0e50ce14eaa84
      size: 854
    outs:
    - path: ../../artifacts/ctw2019/data/prepared/ctw2019.flatten.pkl
      hash: md5
      md5: 411b70954fa29aeb9ea4880de3440cef
      size: 2069363523
  benchmark-deeplearning@Random-model0:
    cmd: "python ../../scripts/benchmark.py --use Arnold2018DeepModel --data data/prepared/ctw2019.flatten.pkl\
      \ --split-indices data/splits/RandomSplit.pkl --output-report models/reports/Arnold2018DeepModel-RandomSplit.pkl\n"
    deps:
    - path: ../../scripts/benchmark.py
      hash: md5
      md5: 4b553a741ce9c311915c3372c2b31220
      size: 8198
    - path: data/prepared/ctw2019.flatten.pkl
      hash: md5
      md5: 411b70954fa29aeb9ea4880de3440cef
      size: 2069363523
    - path: data/splits/RandomSplit.pkl
      hash: md5
      md5: 08d18bb17d58cd555431df2167ad3e25
      size: 700227
    params:
      params.yaml:
        models.Arnold2018DeepModel:
          module: skorch
          class: NeuralNetRegressor
          estimator:
            module: src.models
            class: Arnold2018DeepModel
          parameters:
            optimizer:
              module: torch.optim
              class: Adam
            callbacks:
            - module: skorch.callbacks
              class: EarlyStopping
              parameters:
                patience: 10
            module__in_features: 29584
            module__random_state: 42
            iterator_train__shuffle: true
            iterator_train__num_workers: 8
            optimizer__weight_decay: 0.01
            optimizer__lr: 0.0005
            max_epochs: 250
            batch_size: 64
            device: cuda
            compile: false
        seed: 42
    outs:
    - path: models/reports/Arnold2018DeepModel-RandomSplit.pkl
      hash: md5
      md5: bd080b3184211f945dca9710d40fc8c9
      size: 280976
  benchmark-deeplearning@ShortEdge-model0:
    cmd: "python ../../scripts/benchmark.py --use Arnold2018DeepModel --data data/prepared/ctw2019.flatten.pkl\
      \ --split-indices data/splits/ShortEdgeSplit.pkl --output-report models/reports/Arnold2018DeepModel-ShortEdgeSplit.pkl\n"
    deps:
    - path: ../../scripts/benchmark.py
      hash: md5
      md5: b8ac1ad0eaf05298b45bbfcbebc2b4ff
      size: 8056
    - path: data/prepared/ctw2019.flatten.pkl
      hash: md5
      md5: 21e0c77ba40499fd3ccf1a8d61402e05
      size: 2069363523
    - path: data/splits/ShortEdgeSplit.pkl
      hash: md5
      md5: 92d487a26dcfddfdc8e272a1c4560062
      size: 140238
    params:
      params.yaml:
        models.Arnold2018DeepModel:
          module: skorch
          class: NeuralNetRegressor
          estimator:
            module: src.models
            class: Arnold2018DeepModel
          parameters:
            optimizer:
              module: torch.optim
              class: Adam
            callbacks:
            - module: skorch.callbacks
              class: EarlyStopping
              parameters:
                patience: 20
            module__in_features: 29584
            module__random_state: 42
            iterator_train__shuffle: true
            iterator_train__num_workers: 8
            optimizer__weight_decay: 0.01
            optimizer__lr: 0.005
            max_epochs: 250
            batch_size: 64
            device: cuda
            compile: false
        seed: 42
    outs:
    - path: models/reports/Arnold2018DeepModel-ShortEdgeSplit.pkl
      hash: md5
      md5: e58a733df2a1ded8f681e733ddd5a5f1
      size: 29617
  benchmark-deeplearning@Cutout-model0:
    cmd: "python ../../scripts/benchmark.py --use Arnold2018DeepModel --data data/prepared/ctw2019.flatten.pkl\
      \ --split-indices data/splits/CutoutSplit.pkl --output-report models/reports/Arnold2018DeepModel-CutoutSplit.pkl\n"
    deps:
    - path: ../../scripts/benchmark.py
      hash: md5
      md5: b8ac1ad0eaf05298b45bbfcbebc2b4ff
      size: 8056
    - path: data/prepared/ctw2019.flatten.pkl
      hash: md5
      md5: 21e0c77ba40499fd3ccf1a8d61402e05
      size: 2069363523
    - path: data/splits/CutoutSplit.pkl
      hash: md5
      md5: d482455520e5a6d583342d4096965fb8
      size: 140227
    params:
      params.yaml:
        models.Arnold2018DeepModel:
          module: skorch
          class: NeuralNetRegressor
          estimator:
            module: src.models
            class: Arnold2018DeepModel
          parameters:
            optimizer:
              module: torch.optim
              class: Adam
            callbacks:
            - module: skorch.callbacks
              class: EarlyStopping
              parameters:
                patience: 20
            module__in_features: 29584
            module__random_state: 42
            iterator_train__shuffle: true
            iterator_train__num_workers: 8
            optimizer__weight_decay: 0.01
            optimizer__lr: 0.005
            max_epochs: 250
            batch_size: 64
            device: cuda
            compile: false
        seed: 42
    outs:
    - path: models/reports/Arnold2018DeepModel-CutoutSplit.pkl
      hash: md5
      md5: e94cc518801e47bd4649824e9acd0ffd
      size: 31094
  benchmark-deeplearning@LongEdge-model0:
    cmd: "python ../../scripts/benchmark.py --use Arnold2018DeepModel --data data/prepared/ctw2019.flatten.pkl\
      \ --split-indices data/splits/LongEdgeSplit.pkl --output-report models/reports/Arnold2018DeepModel-LongEdgeSplit.pkl\n"
    deps:
    - path: ../../scripts/benchmark.py
      hash: md5
      md5: b8ac1ad0eaf05298b45bbfcbebc2b4ff
      size: 8056
    - path: data/prepared/ctw2019.flatten.pkl
      hash: md5
      md5: 21e0c77ba40499fd3ccf1a8d61402e05
      size: 2069363523
    - path: data/splits/LongEdgeSplit.pkl
      hash: md5
      md5: 55bfb893a099dcf434ab79cae12cd2b1
      size: 140229
    params:
      params.yaml:
        models.Arnold2018DeepModel:
          module: skorch
          class: NeuralNetRegressor
          estimator:
            module: src.models
            class: Arnold2018DeepModel
          parameters:
            optimizer:
              module: torch.optim
              class: Adam
            callbacks:
            - module: skorch.callbacks
              class: EarlyStopping
              parameters:
                patience: 20
            module__in_features: 29584
            module__random_state: 42
            iterator_train__shuffle: true
            iterator_train__num_workers: 8
            optimizer__weight_decay: 0.01
            optimizer__lr: 0.005
            max_epochs: 250
            batch_size: 64
            device: cuda
            compile: false
        seed: 42
    outs:
    - path: models/reports/Arnold2018DeepModel-LongEdgeSplit.pkl
      hash: md5
      md5: f85aac9230456f0c25100f0cd7fc46c2
      size: 32120
  benchmark-deeplearning@Cutout-model1:
    cmd: "python ../../scripts/benchmark.py --use Arnold2019SoundingModel --data data/prepared/ctw2019.pkl\
      \ --split-indices data/splits/CutoutSplit.pkl --output-report models/reports/Arnold2019SoundingModel-CutoutSplit.pkl\n"
    deps:
    - path: ../../scripts/benchmark.py
      hash: md5
      md5: b8ac1ad0eaf05298b45bbfcbebc2b4ff
      size: 8056
    - path: data/prepared/ctw2019.pkl
      hash: md5
      md5: 92e3fe5ddf9d63d4b470e69679252aee
      size: 2069363555
    - path: data/splits/CutoutSplit.pkl
      hash: md5
      md5: d482455520e5a6d583342d4096965fb8
      size: 140227
    params:
      params.yaml:
        models.Arnold2019SoundingModel:
          module: skorch
          class: NeuralNetRegressor
          estimator:
            module: src.models
            class: Arnold2019SoundingModel
          parameters:
            optimizer:
              module: torch.optim
              class: Adam
            callbacks:
            - module: skorch.callbacks
              class: EarlyStopping
              parameters:
                patience: 20
            module__random_state: 42
            iterator_train__shuffle: true
            iterator_train__num_workers: 8
            optimizer__weight_decay: 0.01
            optimizer__lr: 0.0001
            max_epochs: 250
            batch_size: 64
            device: cuda
            compile: false
        seed: 42
    outs:
    - path: models/reports/Arnold2019SoundingModel-CutoutSplit.pkl
      hash: md5
      md5: fdcafb0ba4d79b7d8f62b09fb5adabd9
      size: 31098
  benchmark-deeplearning@Random-model1:
    cmd: "python ../../scripts/benchmark.py --use Arnold2019SoundingModel --data data/prepared/ctw2019.pkl\
      \ --split-indices data/splits/RandomSplit.pkl --output-report models/reports/Arnold2019SoundingModel-RandomSplit.pkl\n"
    deps:
    - path: ../../scripts/benchmark.py
      hash: md5
      md5: 4b553a741ce9c311915c3372c2b31220
      size: 8198
    - path: data/prepared/ctw2019.pkl
      hash: md5
      md5: 3fe82724f38155d4a7a78f2b2855eff3
      size: 2069363555
    - path: data/splits/RandomSplit.pkl
      hash: md5
      md5: 08d18bb17d58cd555431df2167ad3e25
      size: 700227
    params:
      params.yaml:
        models.Arnold2019SoundingModel:
          module: skorch
          class: NeuralNetRegressor
          estimator:
            module: src.models
            class: Arnold2019SoundingModel
          parameters:
            optimizer:
              module: torch.optim
              class: Adam
            callbacks:
            - module: skorch.callbacks
              class: EarlyStopping
              parameters:
                patience: 10
            module__random_state: 42
            iterator_train__shuffle: true
            iterator_train__num_workers: 8
            optimizer__weight_decay: 0.01
            optimizer__lr: 0.0005
            max_epochs: 250
            batch_size: 64
            device: cuda
            compile: false
        seed: 42
    outs:
    - path: models/reports/Arnold2019SoundingModel-RandomSplit.pkl
      hash: md5
      md5: 12802e844d85d83f23ddb3a7dfdd099f
      size: 280980
  benchmark-deeplearning@ShortEdge-model1:
    cmd: "python ../../scripts/benchmark.py --use Arnold2019SoundingModel --data data/prepared/ctw2019.pkl\
      \ --split-indices data/splits/ShortEdgeSplit.pkl --output-report models/reports/Arnold2019SoundingModel-ShortEdgeSplit.pkl\n"
    deps:
    - path: ../../scripts/benchmark.py
      hash: md5
      md5: b8ac1ad0eaf05298b45bbfcbebc2b4ff
      size: 8056
    - path: data/prepared/ctw2019.pkl
      hash: md5
      md5: 92e3fe5ddf9d63d4b470e69679252aee
      size: 2069363555
    - path: data/splits/ShortEdgeSplit.pkl
      hash: md5
      md5: 92d487a26dcfddfdc8e272a1c4560062
      size: 140238
    params:
      params.yaml:
        models.Arnold2019SoundingModel:
          module: skorch
          class: NeuralNetRegressor
          estimator:
            module: src.models
            class: Arnold2019SoundingModel
          parameters:
            optimizer:
              module: torch.optim
              class: Adam
            callbacks:
            - module: skorch.callbacks
              class: EarlyStopping
              parameters:
                patience: 20
            module__random_state: 42
            iterator_train__shuffle: true
            iterator_train__num_workers: 8
            optimizer__weight_decay: 0.01
            optimizer__lr: 0.0001
            max_epochs: 250
            batch_size: 64
            device: cuda
            compile: false
        seed: 42
    outs:
    - path: models/reports/Arnold2019SoundingModel-ShortEdgeSplit.pkl
      hash: md5
      md5: cef05e07daa2f036e1d8d1569f94d7ef
      size: 29621
  benchmark-deeplearning@LongEdge-model1:
    cmd: "python ../../scripts/benchmark.py --use Arnold2019SoundingModel --data data/prepared/ctw2019.pkl\
      \ --split-indices data/splits/LongEdgeSplit.pkl --output-report models/reports/Arnold2019SoundingModel-LongEdgeSplit.pkl\n"
    deps:
    - path: ../../scripts/benchmark.py
      hash: md5
      md5: b8ac1ad0eaf05298b45bbfcbebc2b4ff
      size: 8056
    - path: data/prepared/ctw2019.pkl
      hash: md5
      md5: 92e3fe5ddf9d63d4b470e69679252aee
      size: 2069363555
    - path: data/splits/LongEdgeSplit.pkl
      hash: md5
      md5: 55bfb893a099dcf434ab79cae12cd2b1
      size: 140229
    params:
      params.yaml:
        models.Arnold2019SoundingModel:
          module: skorch
          class: NeuralNetRegressor
          estimator:
            module: src.models
            class: Arnold2019SoundingModel
          parameters:
            optimizer:
              module: torch.optim
              class: Adam
            callbacks:
            - module: skorch.callbacks
              class: EarlyStopping
              parameters:
                patience: 20
            module__random_state: 42
            iterator_train__shuffle: true
            iterator_train__num_workers: 8
            optimizer__weight_decay: 0.01
            optimizer__lr: 0.0001
            max_epochs: 250
            batch_size: 64
            device: cuda
            compile: false
        seed: 42
    outs:
    - path: models/reports/Arnold2019SoundingModel-LongEdgeSplit.pkl
      hash: md5
      md5: 9efd3aafe3103f3a17f9309cf252468d
      size: 32124
  benchmark@LongEdge-KNeighborsRegressor:
    cmd: "python train.py --use KNeighborsRegressor --data data/prepared/ctw2019.pkl\
      \ --split-indices data/splits/LongEdgeSplit.pkl --output-report models/reports/KNeighborsRegressor-LongEdgeSplit.pkl\n"
    deps:
    - path: data/prepared/ctw2019.pkl
      hash: md5
      md5: 92e3fe5ddf9d63d4b470e69679252aee
      size: 2069363555
    - path: data/splits/LongEdgeSplit.pkl
      hash: md5
      md5: 55bfb893a099dcf434ab79cae12cd2b1
      size: 140229
    - path: train.py
      hash: md5
      md5: d622612bd274b1b0c2ddb6d49a7696fa
      size: 6319
    params:
      params.yaml:
        models.regression:
          seed: 42
        seed: 42
    outs:
    - path: models/reports/KNeighborsRegressor-LongEdgeSplit.pkl
      hash: md5
      md5: bc3cb362f874eafe8b072169cfa8f9cb
      size: 32088
  benchmark@Random-LinearRegression:
    cmd: "python train.py --use LinearRegression --data data/prepared/ctw2019.pkl\
      \ --split-indices data/splits/RandomSplit.pkl --output-report models/reports/LinearRegression-RandomSplit.pkl\n"
    deps:
    - path: data/prepared/ctw2019.pkl
      hash: md5
      md5: 92e3fe5ddf9d63d4b470e69679252aee
      size: 2069363555
    - path: data/splits/RandomSplit.pkl
      hash: md5
      md5: 08d18bb17d58cd555431df2167ad3e25
      size: 700227
    - path: train.py
      hash: md5
      md5: d622612bd274b1b0c2ddb6d49a7696fa
      size: 6319
    params:
      params.yaml:
        models.regression:
          seed: 42
        seed: 42
    outs:
    - path: models/reports/LinearRegression-RandomSplit.pkl
      hash: md5
      md5: efd8dd6b126e90e148dd4a1320250d75
      size: 280989
  benchmark@ShortEdge-KNeighborsRegressor:
    cmd: "python train.py --use KNeighborsRegressor --data data/prepared/ctw2019.pkl\
      \ --split-indices data/splits/ShortEdgeSplit.pkl --output-report models/reports/KNeighborsRegressor-ShortEdgeSplit.pkl\n"
    deps:
    - path: data/prepared/ctw2019.pkl
      hash: md5
      md5: 92e3fe5ddf9d63d4b470e69679252aee
      size: 2069363555
    - path: data/splits/ShortEdgeSplit.pkl
      hash: md5
      md5: 92d487a26dcfddfdc8e272a1c4560062
      size: 140238
    - path: train.py
      hash: md5
      md5: d622612bd274b1b0c2ddb6d49a7696fa
      size: 6319
    params:
      params.yaml:
        models.regression:
          seed: 42
        seed: 42
    outs:
    - path: models/reports/KNeighborsRegressor-ShortEdgeSplit.pkl
      hash: md5
      md5: 35ff73cf899f2cbae7456362524ffd32
      size: 29585
  benchmark@ShortEdge-LinearRegression:
    cmd: "python train.py --use LinearRegression --data data/prepared/ctw2019.pkl\
      \ --split-indices data/splits/ShortEdgeSplit.pkl --output-report models/reports/LinearRegression-ShortEdgeSplit.pkl\n"
    deps:
    - path: data/prepared/ctw2019.pkl
      hash: md5
      md5: 92e3fe5ddf9d63d4b470e69679252aee
      size: 2069363555
    - path: data/splits/ShortEdgeSplit.pkl
      hash: md5
      md5: 92d487a26dcfddfdc8e272a1c4560062
      size: 140238
    - path: train.py
      hash: md5
      md5: d622612bd274b1b0c2ddb6d49a7696fa
      size: 6319
    params:
      params.yaml:
        models.regression:
          seed: 42
        seed: 42
    outs:
    - path: models/reports/LinearRegression-ShortEdgeSplit.pkl
      hash: md5
      md5: f7c5672515dfd1b1702f331251ccb999
      size: 29614
  benchmark@Random-RandomForestRegressor:
    cmd: "python train.py --use RandomForestRegressor --data data/prepared/ctw2019.pkl\
      \ --split-indices data/splits/RandomSplit.pkl --output-report models/reports/RandomForestRegressor-RandomSplit.pkl\n"
    deps:
    - path: data/prepared/ctw2019.pkl
      hash: md5
      md5: 92e3fe5ddf9d63d4b470e69679252aee
      size: 2069363555
    - path: data/splits/RandomSplit.pkl
      hash: md5
      md5: 08d18bb17d58cd555431df2167ad3e25
      size: 700227
    - path: train.py
      hash: md5
      md5: d622612bd274b1b0c2ddb6d49a7696fa
      size: 6319
    params:
      params.yaml:
        models.regression:
          seed: 42
        seed: 42
    outs:
    - path: models/reports/RandomForestRegressor-RandomSplit.pkl
      hash: md5
      md5: 0f46c81b1164ba2045783f10969d0609
      size: 420914
  benchmark@Cutout-XGBRegressor:
    cmd: "python train.py --use XGBRegressor --data data/prepared/ctw2019.pkl --split-indices\
      \ data/splits/CutoutSplit.pkl --output-report models/reports/XGBRegressor-CutoutSplit.pkl\n"
    deps:
    - path: data/prepared/ctw2019.pkl
      hash: md5
      md5: 92e3fe5ddf9d63d4b470e69679252aee
      size: 2069363555
    - path: data/splits/CutoutSplit.pkl
      hash: md5
      md5: d482455520e5a6d583342d4096965fb8
      size: 140227
    - path: train.py
      hash: md5
      md5: d622612bd274b1b0c2ddb6d49a7696fa
      size: 6319
    params:
      params.yaml:
        models.regression:
          seed: 42
        seed: 42
    outs:
    - path: models/reports/XGBRegressor-CutoutSplit.pkl
      hash: md5
      md5: 93205cf352787d9e2d27cbd52bcf0a93
      size: 31103
  benchmark@LongEdge-XGBRegressor:
    cmd: "python train.py --use XGBRegressor --data data/prepared/ctw2019.pkl --split-indices\
      \ data/splits/LongEdgeSplit.pkl --output-report models/reports/XGBRegressor-LongEdgeSplit.pkl\n"
    deps:
    - path: data/prepared/ctw2019.pkl
      hash: md5
      md5: 92e3fe5ddf9d63d4b470e69679252aee
      size: 2069363555
    - path: data/splits/LongEdgeSplit.pkl
      hash: md5
      md5: 55bfb893a099dcf434ab79cae12cd2b1
      size: 140229
    - path: train.py
      hash: md5
      md5: d622612bd274b1b0c2ddb6d49a7696fa
      size: 6319
    params:
      params.yaml:
        models.regression:
          seed: 42
        seed: 42
    outs:
    - path: models/reports/XGBRegressor-LongEdgeSplit.pkl
      hash: md5
      md5: ca8d966f84906e1f10403282928826ef
      size: 32129
  AutoML@Random:
    cmd: "python automl.py --data data/prepared/ctw2019.pkl --split-indices data/splits/RandomSplit.pkl\
      \ --output-report models/reports/autokeras-RandomSplit.pkl\n"
    deps:
    - path: automl.py
      hash: md5
      md5: 2070c8c7661a7abd393faa35d61bc258
      size: 6313
    - path: data/prepared/ctw2019.pkl
      hash: md5
      md5: 3fe82724f38155d4a7a78f2b2855eff3
      size: 2069363555
    - path: data/splits/RandomSplit.pkl
      hash: md5
      md5: 08d18bb17d58cd555431df2167ad3e25
      size: 700227
    outs:
    - path: models/reports/autokeras-RandomSplit.pkl
      hash: md5
      md5: 361984e7f1c6e69e75e5448e8e30d418
      size: 280963
  AutoML@ShortEdge:
    cmd: "python automl.py --data data/prepared/ctw2019.pkl --split-indices data/splits/ShortEdgeSplit.pkl\
      \ --output-report models/reports/autokeras-ShortEdgeSplit.pkl\n"
    deps:
    - path: automl.py
      hash: md5
      md5: f64b1cdff6d91641d102dae012cf425a
      size: 5836
    - path: data/prepared/ctw2019.pkl
      hash: md5
      md5: 92e3fe5ddf9d63d4b470e69679252aee
      size: 2069363555
    - path: data/splits/ShortEdgeSplit.pkl
      hash: md5
      md5: 92d487a26dcfddfdc8e272a1c4560062
      size: 140238
    outs:
    - path: models/reports/autokeras-ShortEdgeSplit.pkl
      hash: md5
      md5: 534a953674aa43a0f2a3c639fbd3ec9e
      size: 22354
  AutoML@Cutout:
    cmd: "python automl.py --data data/prepared/ctw2019.pkl --split-indices data/splits/CutoutSplit.pkl\
      \ --output-report models/reports/autokeras-CutoutSplit.pkl\n"
    deps:
    - path: automl.py
      hash: md5
      md5: 56d40016389edbcea44318d44ad49629
      size: 5831
    - path: data/prepared/ctw2019.pkl
      hash: md5
      md5: 92e3fe5ddf9d63d4b470e69679252aee
      size: 2069363555
    - path: data/splits/CutoutSplit.pkl
      hash: md5
      md5: d482455520e5a6d583342d4096965fb8
      size: 140227
    outs:
    - path: models/reports/autokeras-CutoutSplit.pkl
      hash: md5
      md5: 7a3591557bf225ed327527aeb0e6ef71
      size: 23457
  AutoML@LongEdge:
    cmd: "python automl.py --data data/prepared/ctw2019.pkl --split-indices data/splits/LongEdgeSplit.pkl\
      \ --output-report models/reports/autokeras-LongEdgeSplit.pkl\n"
    deps:
    - path: automl.py
      hash: md5
      md5: f64b1cdff6d91641d102dae012cf425a
      size: 5836
    - path: data/prepared/ctw2019.pkl
      hash: md5
      md5: 92e3fe5ddf9d63d4b470e69679252aee
      size: 2069363555
    - path: data/splits/LongEdgeSplit.pkl
      hash: md5
      md5: 55bfb893a099dcf434ab79cae12cd2b1
      size: 140229
    outs:
    - path: models/reports/autokeras-LongEdgeSplit.pkl
      hash: md5
      md5: 26efe0a5a5152751feed0358bba05ce1
      size: 24229
  benchmark-deeplearning@Random-model2:
    cmd: "python ../../scripts/benchmark.py --use Pirnat2022Pirnat1G --data data/prepared/ctw2019.pkl\
      \ --split-indices data/splits/RandomSplit.pkl --output-report models/reports/Pirnat2022Pirnat1G-RandomSplit.pkl\n"
    deps:
    - path: ../../scripts/benchmark.py
      hash: md5
      md5: 4b553a741ce9c311915c3372c2b31220
      size: 8198
    - path: data/prepared/ctw2019.pkl
      hash: md5
      md5: 3fe82724f38155d4a7a78f2b2855eff3
      size: 2069363555
    - path: data/splits/RandomSplit.pkl
      hash: md5
      md5: 08d18bb17d58cd555431df2167ad3e25
      size: 700227
    params:
      params.yaml:
        models.Pirnat2022Pirnat1G:
          pipeline:
          - step: preparation
            module: src.data
            class: ExtractByKeyword
            parameters:
              keyname: h
          - step: regressor
            module: src.models_keras
            class: Pirnat1G
        seed: 42
    outs:
    - path: models/reports/Pirnat2022Pirnat1G-RandomSplit.pkl
      hash: md5
      md5: 2f1f2975b989a462de6cb37d6191ed14
      size: 280975
  benchmark-deeplearning@Random-model3:
    cmd: "python ../../scripts/benchmark.py --use Cerar2021Localization --data data/prepared/ctw2019.pkl\
      \ --split-indices data/splits/RandomSplit.pkl --output-report models/reports/Cerar2021Localization-RandomSplit.pkl\n"
    deps:
    - path: ../../scripts/benchmark.py
      hash: md5
      md5: 4b553a741ce9c311915c3372c2b31220
      size: 8198
    - path: data/prepared/ctw2019.pkl
      hash: md5
      md5: 3fe82724f38155d4a7a78f2b2855eff3
      size: 2069363555
    - path: data/splits/RandomSplit.pkl
      hash: md5
      md5: 08d18bb17d58cd555431df2167ad3e25
      size: 700227
    params:
      params.yaml:
        models.Cerar2021Localization:
          pipeline:
          - step: preparation
            module: src.data
            class: ExtractByKeyword
            parameters:
              keyname: h
          - step: regressor
            module: src.models_keras
            class: Cerar2021
        seed: 42
    outs:
    - path: models/reports/Cerar2021Localization-RandomSplit.pkl
      hash: md5
      md5: 04e5b49f020735214bafb65bfe7fc69f
      size: 280978
  optimization@Random-model3:
    cmd: "python ../../src/benchmark.py --use Pirnat2022Pirnat1G --data ../../artifacts/ctw2019/data/prepared/ctw2019.pkl\
      \ --split-indices ../../artifacts/ctw2019/data/splits/RandomSplit.pkl --output-results\
      \ ../../artifacts/ctw2019/models/Pirnat2022Pirnat1G-RandomSplit-results.pkl\n"
    deps:
    - path: ../../artifacts/ctw2019/data/prepared/ctw2019.pkl
      hash: md5
      md5: 3fe82724f38155d4a7a78f2b2855eff3
      size: 2069363555
    - path: ../../artifacts/ctw2019/data/splits/RandomSplit.pkl
      hash: md5
      md5: 08d18bb17d58cd555431df2167ad3e25
      size: 700227
    - path: ../../src/benchmark.py
      hash: md5
      md5: b2696b8569b104090da8e77c2a84e674
      size: 8223
    params:
      params.yaml:
        models.Pirnat2022Pirnat1G:
          pipeline:
          - step: preparation
            module: src.data
            class: ExtractByKeyword
            parameters:
              keyname: h
          - step: regressor
            module: src.models_keras
            class: Pirnat1G
    outs:
    - path: ../../artifacts/ctw2019/models/Pirnat2022Pirnat1G-RandomSplit-results.pkl
      hash: md5
      md5: 8874200a1699c5d97bce716f0283296b
      size: 280975
  optimization@ShortEdge-model1:
    cmd: "python ../../src/benchmark.py --use Arnold2019SoundingModel --data ../../artifacts/ctw2019/data/prepared/ctw2019.pkl\
      \ --split-indices ../../artifacts/ctw2019/data/splits/ShortEdgeSplit.pkl --output-results\
      \ ../../artifacts/ctw2019/models/Arnold2019SoundingModel-ShortEdgeSplit-results.pkl\n"
    deps:
    - path: ../../artifacts/ctw2019/data/prepared/ctw2019.pkl
      hash: md5
      md5: 3fe82724f38155d4a7a78f2b2855eff3
      size: 2069363555
    - path: ../../artifacts/ctw2019/data/splits/ShortEdgeSplit.pkl
      hash: md5
      md5: 92d487a26dcfddfdc8e272a1c4560062
      size: 140238
    - path: ../../src/benchmark.py
      hash: md5
      md5: d8ff8dfdafd692c0ba75cc4c70b44b1a
      size: 8223
    params:
      params.yaml:
        models.Arnold2019SoundingModel:
          module: skorch
          class: NeuralNetRegressor
          estimator:
            module: src.models
            class: Arnold2019SoundingModel
          parameters:
            optimizer:
              module: torch.optim
              class: Adam
            callbacks:
            - module: skorch.callbacks
              class: EarlyStopping
              parameters:
                patience: 10
            module__random_state: 42
            iterator_train__shuffle: true
            iterator_train__num_workers: 8
            optimizer__weight_decay: 0.01
            optimizer__lr: 0.0005
            max_epochs: 250
            batch_size: 64
            device: cuda
            compile: false
    outs:
    - path: ../../artifacts/ctw2019/models/Arnold2019SoundingModel-ShortEdgeSplit-results.pkl
      hash: md5
      md5: 5a4a29bda47038baaa0ea017dee77b6d
      size: 29621
  optimization@ShortEdge-model0:
    cmd: "python ../../src/benchmark.py --use Arnold2018DeepModel --data ../../artifacts/ctw2019/data/prepared/ctw2019.flatten.pkl\
      \ --split-indices ../../artifacts/ctw2019/data/splits/ShortEdgeSplit.pkl --output-results\
      \ ../../artifacts/ctw2019/models/Arnold2018DeepModel-ShortEdgeSplit-results.pkl\n"
    deps:
    - path: ../../artifacts/ctw2019/data/prepared/ctw2019.flatten.pkl
      hash: md5
      md5: 411b70954fa29aeb9ea4880de3440cef
      size: 2069363523
    - path: ../../artifacts/ctw2019/data/splits/ShortEdgeSplit.pkl
      hash: md5
      md5: 92d487a26dcfddfdc8e272a1c4560062
      size: 140238
    - path: ../../src/benchmark.py
      hash: md5
      md5: d8ff8dfdafd692c0ba75cc4c70b44b1a
      size: 8223
    params:
      params.yaml:
        models.Arnold2018DeepModel:
          module: skorch
          class: NeuralNetRegressor
          estimator:
            module: src.models
            class: Arnold2018DeepModel
          parameters:
            optimizer:
              module: torch.optim
              class: Adam
            callbacks:
            - module: skorch.callbacks
              class: EarlyStopping
              parameters:
                patience: 10
            module__in_features: 29584
            module__random_state: 42
            iterator_train__shuffle: true
            iterator_train__num_workers: 8
            optimizer__weight_decay: 0.01
            optimizer__lr: 0.0005
            max_epochs: 250
            batch_size: 64
            device: cuda
            compile: false
    outs:
    - path: ../../artifacts/ctw2019/models/Arnold2018DeepModel-ShortEdgeSplit-results.pkl
      hash: md5
      md5: cf734f10785db6dbaf2c425354f75693
      size: 29617
  optimization@Random-model0:
    cmd: "python ../../src/benchmark.py --use Arnold2018DeepModel --data ../../artifacts/ctw2019/data/prepared/ctw2019.flatten.pkl\
      \ --split-indices ../../artifacts/ctw2019/data/splits/RandomSplit.pkl --output-results\
      \ ../../artifacts/ctw2019/models/Arnold2018DeepModel-RandomSplit-results.pkl\n"
    deps:
    - path: ../../artifacts/ctw2019/data/prepared/ctw2019.flatten.pkl
      hash: md5
      md5: 411b70954fa29aeb9ea4880de3440cef
      size: 2069363523
    - path: ../../artifacts/ctw2019/data/splits/RandomSplit.pkl
      hash: md5
      md5: 08d18bb17d58cd555431df2167ad3e25
      size: 700227
    - path: ../../src/benchmark.py
      hash: md5
      md5: 972f7366b0ee8155f5061e9972dde179
      size: 8242
    params:
      params.yaml:
        models.Arnold2018DeepModel:
          module: skorch
          class: NeuralNetRegressor
          estimator:
            module: src.models
            class: Arnold2018DeepModel
          parameters:
            optimizer:
              module: torch.optim
              class: Adam
            callbacks:
            - module: skorch.callbacks
              class: EarlyStopping
              parameters:
                patience: 10
            module__in_features: 29584
            module__random_state: 42
            iterator_train__shuffle: true
            iterator_train__num_workers: 8
            optimizer__weight_decay: 0.01
            optimizer__lr: 0.0005
            max_epochs: 250
            batch_size: 64
            device: cuda
            compile: false
    outs:
    - path: ../../artifacts/ctw2019/models/Arnold2018DeepModel-RandomSplit-results.pkl
      hash: md5
      md5: 0a62461d72b5f90e49be0ee1efddb4f7
      size: 280976
