schema: '2.0'
stages:
  prepare:
    cmd: "unzip ../../artifacts/umu/data/raw/umu.zip -d ../../artifacts/umu/data/raw/\n\
      python ../../src/umu/prepare.py --method average --input ../../artifacts/umu/data/raw/tcp_nokia_20240325.xlsx\
      \ --output ../../artifacts/umu/data/interim/umu.pkl\nrm ../../artifacts/umu/data/raw/*.xlsx\n\
      rm ../../artifacts/umu/data/raw/__MACOSX/.*.xlsx\n"
    deps:
    - path: ../../artifacts/umu/data/raw/umu.zip
      hash: md5
      md5: 1345918b8746ab5f376b8787f408f32b
      size: 2489104
    - path: ../../src/umu/prepare.py
      hash: md5
      md5: 0dda223716a47bfd45a800f93c7f05c0
      size: 1299
    outs:
    - path: ../../artifacts/umu/data/interim/umu.pkl
      hash: md5
      md5: c6e81e2d30f7b20a4a5ab7ca834dcb0e
      size: 40240
  featurize:
    cmd: "python ../../src/umu/featurize.py --input ../../artifacts/umu/data/interim/umu.pkl\
      \ --output ../../artifacts/umu/data/prepared/umu.pkl\n"
    deps:
    - path: ../../artifacts/umu/data/interim/umu.pkl
      hash: md5
      md5: c6e81e2d30f7b20a4a5ab7ca834dcb0e
      size: 40240
    - path: ../../src/umu/featurize.py
      hash: md5
      md5: 3299259f9b378945ca5ef0549875fad8
      size: 2234
    outs:
    - path: ../../artifacts/umu/data/prepared/umu.pkl
      hash: md5
      md5: b2beedabe6c806473fa8729c79ad04f0
      size: 43301
  split@Random:
    cmd: "python ../../src/umu/split.py --input ../../artifacts/umu/data/prepared/umu.pkl\
      \ --split Random --output-indices ../../artifacts/umu/data/splits/RandomSplit.pkl\n"
    deps:
    - path: ../../artifacts/umu/data/prepared/umu.pkl
      hash: md5
      md5: b2beedabe6c806473fa8729c79ad04f0
      size: 43301
    - path: ../../src/umu/split.py
      hash: md5
      md5: b9482219ab17f1dcae27076cd8c24ed2
      size: 2355
    params:
      params.yaml:
        split:
          seed: 42
          n_splits: 5
          test_size: 0.2
    outs:
    - path: ../../artifacts/umu/data/splits/RandomSplit.pkl
      hash: md5
      md5: 814c76b0cf768cf84ae564d75c149ff9
      size: 88707
  optimization@Random-LinearRegression:
    cmd: "python ../../src/benchmark.py --use LinearRegression --data ../../artifacts/umu/data/prepared/umu.pkl\
      \ --split-indices ../../artifacts/umu/data/splits/RandomSplit.pkl --output-results\
      \ ../../artifacts/umu/models/LinearRegression-RandomSplit-results.pkl\n"
    deps:
    - path: ../../artifacts/umu/data/prepared/umu.pkl
      hash: md5
      md5: b2beedabe6c806473fa8729c79ad04f0
      size: 43301
    - path: ../../artifacts/umu/data/splits/RandomSplit.pkl
      hash: md5
      md5: 814c76b0cf768cf84ae564d75c149ff9
      size: 88707
    - path: ../../src/benchmark.py
      hash: md5
      md5: 36954e5dbd3d1da8547e63a6d2f37ddf
      size: 8473
    params:
      params.yaml:
        models.LinearRegression:
          module: sklearn.linear_model
          class: LinearRegression
    outs:
    - path: ../../artifacts/umu/models/LinearRegression-RandomSplit-results.pkl
      hash: md5
      md5: 28480d5360dccb3fafbcd5019b7ace1a
      size: 73117
  split@KFold:
    cmd: "python ../../src/umu/split.py --input ../../artifacts/umu/data/prepared/umu.pkl\
      \ --split KFold --output-indices ../../artifacts/umu/data/splits/KFoldSplit.pkl\n"
    deps:
    - path: ../../artifacts/umu/data/prepared/umu.pkl
      hash: md5
      md5: b2beedabe6c806473fa8729c79ad04f0
      size: 43301
    - path: ../../src/umu/split.py
      hash: md5
      md5: b9482219ab17f1dcae27076cd8c24ed2
      size: 2355
    params:
      params.yaml:
        split:
          seed: 42
          n_splits: 5
          test_size: 0.2
    outs:
    - path: ../../artifacts/umu/data/splits/KFoldSplit.pkl
      hash: md5
      md5: 054f46afa6fb485a4dde577e295abf3b
      size: 88666
  optimization@KFold-XGBRegressor:
    cmd: "python ../../src/benchmark.py --use XGBRegressor --data ../../artifacts/umu/data/prepared/umu.pkl\
      \ --split-indices ../../artifacts/umu/data/splits/KFoldSplit.pkl --output-results\
      \ ../../artifacts/umu/models/XGBRegressor-KFoldSplit-results.pkl\n"
    deps:
    - path: ../../artifacts/umu/data/prepared/umu.pkl
      hash: md5
      md5: b2beedabe6c806473fa8729c79ad04f0
      size: 43301
    - path: ../../artifacts/umu/data/splits/KFoldSplit.pkl
      hash: md5
      md5: 054f46afa6fb485a4dde577e295abf3b
      size: 88666
    - path: ../../src/benchmark.py
      hash: md5
      md5: 36954e5dbd3d1da8547e63a6d2f37ddf
      size: 8473
    params:
      params.yaml:
        models.XGBRegressor:
          module: xgboost
          class: XGBRegressor
          parameters:
            random_state: 42
            enable_categorical: true
    outs:
    - path: ../../artifacts/umu/models/XGBRegressor-KFoldSplit-results.pkl
      hash: md5
      md5: 32ae512b234634e11aa220aea6bf8eaf
      size: 72976
  optimization@KFold-RandomForestRegressor:
    cmd: "python ../../src/benchmark.py --use RandomForestRegressor --data ../../artifacts/umu/data/prepared/umu.pkl\
      \ --split-indices ../../artifacts/umu/data/splits/KFoldSplit.pkl --output-results\
      \ ../../artifacts/umu/models/RandomForestRegressor-KFoldSplit-results.pkl\n"
    deps:
    - path: ../../artifacts/umu/data/prepared/umu.pkl
      hash: md5
      md5: b2beedabe6c806473fa8729c79ad04f0
      size: 43301
    - path: ../../artifacts/umu/data/splits/KFoldSplit.pkl
      hash: md5
      md5: 054f46afa6fb485a4dde577e295abf3b
      size: 88666
    - path: ../../src/benchmark.py
      hash: md5
      md5: 36954e5dbd3d1da8547e63a6d2f37ddf
      size: 8473
    params:
      params.yaml:
        models.RandomForestRegressor:
          module: sklearn.ensemble
          class: RandomForestRegressor
          parameters:
            random_state: 42
          hyperparameters:
            n_estimators:
            - 10
            max_depth:
            - 5
    outs:
    - path: ../../artifacts/umu/models/RandomForestRegressor-KFoldSplit-results.pkl
      hash: md5
      md5: 457d9840c06326986fb33db6b700f944
      size: 73018
  split@LeaveOneGroupOut:
    cmd: "python ../../src/umu/split.py --input ../../artifacts/umu/data/prepared/umu.pkl\
      \ --split LeaveOneGroupOut --output-indices ../../artifacts/umu/data/splits/LeaveOneGroupOutSplit.pkl\n"
    deps:
    - path: ../../artifacts/umu/data/prepared/umu.pkl
      hash: md5
      md5: b2beedabe6c806473fa8729c79ad04f0
      size: 43301
    - path: ../../src/umu/split.py
      hash: md5
      md5: b9482219ab17f1dcae27076cd8c24ed2
      size: 2355
    params:
      params.yaml:
        split:
          seed: 42
          n_splits: 5
          test_size: 0.2
    outs:
    - path: ../../artifacts/umu/data/splits/LeaveOneGroupOutSplit.pkl
      hash: md5
      md5: 604b430f9d0361ac2c0c4e43afe7b7be
      size: 34990661
  optimization@LeaveOneGroupOut-KNeighborsRegressor:
    cmd: "python ../../src/benchmark.py --use KNeighborsRegressor --data ../../artifacts/umu/data/prepared/umu.pkl\
      \ --split-indices ../../artifacts/umu/data/splits/LeaveOneGroupOutSplit.pkl\
      \ --output-results ../../artifacts/umu/models/KNeighborsRegressor-LeaveOneGroupOutSplit-results.pkl\n"
    deps:
    - path: ../../artifacts/umu/data/prepared/umu.pkl
      hash: md5
      md5: b2beedabe6c806473fa8729c79ad04f0
      size: 43301
    - path: ../../artifacts/umu/data/splits/LeaveOneGroupOutSplit.pkl
      hash: md5
      md5: 604b430f9d0361ac2c0c4e43afe7b7be
      size: 34990661
    - path: ../../src/benchmark.py
      hash: md5
      md5: 36954e5dbd3d1da8547e63a6d2f37ddf
      size: 8473
    params:
      params.yaml:
        models.KNeighborsRegressor:
          module: sklearn.neighbors
          class: KNeighborsRegressor
          hyperparameters:
            n_neighbors:
            - 3
            weights:
            - uniform
            p:
            - 1
            leaf_size:
            - 10
            metric:
            - minkowski
    outs:
    - path: ../../artifacts/umu/models/KNeighborsRegressor-LeaveOneGroupOutSplit-results.pkl
      hash: md5
      md5: 16266d0aabbeb8b74302f991b723b049
      size: 710385
  optimization@Random-RandomForestRegressor:
    cmd: "python ../../src/benchmark.py --use RandomForestRegressor --data ../../artifacts/umu/data/prepared/umu.pkl\
      \ --split-indices ../../artifacts/umu/data/splits/RandomSplit.pkl --output-results\
      \ ../../artifacts/umu/models/RandomForestRegressor-RandomSplit-results.pkl\n"
    deps:
    - path: ../../artifacts/umu/data/prepared/umu.pkl
      hash: md5
      md5: b2beedabe6c806473fa8729c79ad04f0
      size: 43301
    - path: ../../artifacts/umu/data/splits/RandomSplit.pkl
      hash: md5
      md5: 814c76b0cf768cf84ae564d75c149ff9
      size: 88707
    - path: ../../src/benchmark.py
      hash: md5
      md5: 36954e5dbd3d1da8547e63a6d2f37ddf
      size: 8473
    params:
      params.yaml:
        models.RandomForestRegressor:
          module: sklearn.ensemble
          class: RandomForestRegressor
          parameters:
            random_state: 42
          hyperparameters:
            n_estimators:
            - 10
            max_depth:
            - 5
    outs:
    - path: ../../artifacts/umu/models/RandomForestRegressor-RandomSplit-results.pkl
      hash: md5
      md5: a104004cfce2832e0c5ed9036c10621c
      size: 73155
  optimization@Random-KNeighborsRegressor:
    cmd: "python ../../src/benchmark.py --use KNeighborsRegressor --data ../../artifacts/umu/data/prepared/umu.pkl\
      \ --split-indices ../../artifacts/umu/data/splits/RandomSplit.pkl --output-results\
      \ ../../artifacts/umu/models/KNeighborsRegressor-RandomSplit-results.pkl\n"
    deps:
    - path: ../../artifacts/umu/data/prepared/umu.pkl
      hash: md5
      md5: b2beedabe6c806473fa8729c79ad04f0
      size: 43301
    - path: ../../artifacts/umu/data/splits/RandomSplit.pkl
      hash: md5
      md5: 814c76b0cf768cf84ae564d75c149ff9
      size: 88707
    - path: ../../src/benchmark.py
      hash: md5
      md5: 36954e5dbd3d1da8547e63a6d2f37ddf
      size: 8473
    params:
      params.yaml:
        models.KNeighborsRegressor:
          module: sklearn.neighbors
          class: KNeighborsRegressor
          hyperparameters:
            n_neighbors:
            - 3
            weights:
            - uniform
            p:
            - 1
            leaf_size:
            - 10
            metric:
            - minkowski
    outs:
    - path: ../../artifacts/umu/models/KNeighborsRegressor-RandomSplit-results.pkl
      hash: md5
      md5: 8f952e2c5acf71c2efe988ca268b323c
      size: 73199
  optimization@Random-XGBRegressor:
    cmd: "python ../../src/benchmark.py --use XGBRegressor --data ../../artifacts/umu/data/prepared/umu.pkl\
      \ --split-indices ../../artifacts/umu/data/splits/RandomSplit.pkl --output-results\
      \ ../../artifacts/umu/models/XGBRegressor-RandomSplit-results.pkl\n"
    deps:
    - path: ../../artifacts/umu/data/prepared/umu.pkl
      hash: md5
      md5: b2beedabe6c806473fa8729c79ad04f0
      size: 43301
    - path: ../../artifacts/umu/data/splits/RandomSplit.pkl
      hash: md5
      md5: 814c76b0cf768cf84ae564d75c149ff9
      size: 88707
    - path: ../../src/benchmark.py
      hash: md5
      md5: 36954e5dbd3d1da8547e63a6d2f37ddf
      size: 8473
    params:
      params.yaml:
        models.XGBRegressor:
          module: xgboost
          class: XGBRegressor
          parameters:
            random_state: 42
            enable_categorical: true
    outs:
    - path: ../../artifacts/umu/models/XGBRegressor-RandomSplit-results.pkl
      hash: md5
      md5: 73a8046e47f21a9198d5acf0bcc4ddbb
      size: 73113
  optimization@KFold-LinearRegression:
    cmd: "python ../../src/benchmark.py --use LinearRegression --data ../../artifacts/umu/data/prepared/umu.pkl\
      \ --split-indices ../../artifacts/umu/data/splits/KFoldSplit.pkl --output-results\
      \ ../../artifacts/umu/models/LinearRegression-KFoldSplit-results.pkl\n"
    deps:
    - path: ../../artifacts/umu/data/prepared/umu.pkl
      hash: md5
      md5: b2beedabe6c806473fa8729c79ad04f0
      size: 43301
    - path: ../../artifacts/umu/data/splits/KFoldSplit.pkl
      hash: md5
      md5: 054f46afa6fb485a4dde577e295abf3b
      size: 88666
    - path: ../../src/benchmark.py
      hash: md5
      md5: 36954e5dbd3d1da8547e63a6d2f37ddf
      size: 8473
    params:
      params.yaml:
        models.LinearRegression:
          module: sklearn.linear_model
          class: LinearRegression
    outs:
    - path: ../../artifacts/umu/models/LinearRegression-KFoldSplit-results.pkl
      hash: md5
      md5: 70d9d143b672812cedc43d96cb91b94d
      size: 72980
  optimization@KFold-KNeighborsRegressor:
    cmd: "python ../../src/benchmark.py --use KNeighborsRegressor --data ../../artifacts/umu/data/prepared/umu.pkl\
      \ --split-indices ../../artifacts/umu/data/splits/KFoldSplit.pkl --output-results\
      \ ../../artifacts/umu/models/KNeighborsRegressor-KFoldSplit-results.pkl\n"
    deps:
    - path: ../../artifacts/umu/data/prepared/umu.pkl
      hash: md5
      md5: b2beedabe6c806473fa8729c79ad04f0
      size: 43301
    - path: ../../artifacts/umu/data/splits/KFoldSplit.pkl
      hash: md5
      md5: 054f46afa6fb485a4dde577e295abf3b
      size: 88666
    - path: ../../src/benchmark.py
      hash: md5
      md5: 36954e5dbd3d1da8547e63a6d2f37ddf
      size: 8473
    params:
      params.yaml:
        models.KNeighborsRegressor:
          module: sklearn.neighbors
          class: KNeighborsRegressor
          hyperparameters:
            n_neighbors:
            - 3
            weights:
            - uniform
            p:
            - 1
            leaf_size:
            - 10
            metric:
            - minkowski
    outs:
    - path: ../../artifacts/umu/models/KNeighborsRegressor-KFoldSplit-results.pkl
      hash: md5
      md5: eceef85db86242d4068ae921b3c3ed62
      size: 73062
  optimization@LeaveOneGroupOut-LinearRegression:
    cmd: "python ../../src/benchmark.py --use LinearRegression --data ../../artifacts/umu/data/prepared/umu.pkl\
      \ --split-indices ../../artifacts/umu/data/splits/LeaveOneGroupOutSplit.pkl\
      \ --output-results ../../artifacts/umu/models/LinearRegression-LeaveOneGroupOutSplit-results.pkl\n"
    deps:
    - path: ../../artifacts/umu/data/prepared/umu.pkl
      hash: md5
      md5: b2beedabe6c806473fa8729c79ad04f0
      size: 43301
    - path: ../../artifacts/umu/data/splits/LeaveOneGroupOutSplit.pkl
      hash: md5
      md5: 604b430f9d0361ac2c0c4e43afe7b7be
      size: 34990661
    - path: ../../src/benchmark.py
      hash: md5
      md5: 36954e5dbd3d1da8547e63a6d2f37ddf
      size: 8473
    params:
      params.yaml:
        models.LinearRegression:
          module: sklearn.linear_model
          class: LinearRegression
    outs:
    - path: ../../artifacts/umu/models/LinearRegression-LeaveOneGroupOutSplit-results.pkl
      hash: md5
      md5: 28a4e647cf09e983b06d08a868a5e4e3
      size: 710303
  optimization@LeaveOneGroupOut-RandomForestRegressor:
    cmd: "python ../../src/benchmark.py --use RandomForestRegressor --data ../../artifacts/umu/data/prepared/umu.pkl\
      \ --split-indices ../../artifacts/umu/data/splits/LeaveOneGroupOutSplit.pkl\
      \ --output-results ../../artifacts/umu/models/RandomForestRegressor-LeaveOneGroupOutSplit-results.pkl\n"
    deps:
    - path: ../../artifacts/umu/data/prepared/umu.pkl
      hash: md5
      md5: b2beedabe6c806473fa8729c79ad04f0
      size: 43301
    - path: ../../artifacts/umu/data/splits/LeaveOneGroupOutSplit.pkl
      hash: md5
      md5: 604b430f9d0361ac2c0c4e43afe7b7be
      size: 34990661
    - path: ../../src/benchmark.py
      hash: md5
      md5: 36954e5dbd3d1da8547e63a6d2f37ddf
      size: 8473
    params:
      params.yaml:
        models.RandomForestRegressor:
          module: sklearn.ensemble
          class: RandomForestRegressor
          parameters:
            random_state: 42
          hyperparameters:
            n_estimators:
            - 10
            max_depth:
            - 5
    outs:
    - path: ../../artifacts/umu/models/RandomForestRegressor-LeaveOneGroupOutSplit-results.pkl
      hash: md5
      md5: c4eb97b937fdaa17323bcf8b95eb6339
      size: 710341
  optimization@LeaveOneGroupOut-XGBRegressor:
    cmd: "python ../../src/benchmark.py --use XGBRegressor --data ../../artifacts/umu/data/prepared/umu.pkl\
      \ --split-indices ../../artifacts/umu/data/splits/LeaveOneGroupOutSplit.pkl\
      \ --output-results ../../artifacts/umu/models/XGBRegressor-LeaveOneGroupOutSplit-results.pkl\n"
    deps:
    - path: ../../artifacts/umu/data/prepared/umu.pkl
      hash: md5
      md5: b2beedabe6c806473fa8729c79ad04f0
      size: 43301
    - path: ../../artifacts/umu/data/splits/LeaveOneGroupOutSplit.pkl
      hash: md5
      md5: 604b430f9d0361ac2c0c4e43afe7b7be
      size: 34990661
    - path: ../../src/benchmark.py
      hash: md5
      md5: 36954e5dbd3d1da8547e63a6d2f37ddf
      size: 8473
    params:
      params.yaml:
        models.XGBRegressor:
          module: xgboost
          class: XGBRegressor
          parameters:
            random_state: 42
            enable_categorical: true
    outs:
    - path: ../../artifacts/umu/models/XGBRegressor-LeaveOneGroupOutSplit-results.pkl
      hash: md5
      md5: 620c600cb3ccf67e49d5620c448eb56d
      size: 710299
  evaluation:
    cmd: "python ../../src/report.py ../../artifacts/umu/models/*-results.pkl --output-report\
      \ ../../artifacts/umu/reports/metrics.json\n"
    deps:
    - path: ../../artifacts/umu/models
      hash: md5
      md5: 2d107c5f3271078ab4f0107d6a8664e7.dir
      size: 3425948
      nfiles: 13
    - path: ../../src/report.py
      hash: md5
      md5: d315d71b09a199d1b584e640cf9afe0f
      size: 1644
    outs:
    - path: ../../artifacts/umu/reports/metrics.json
      hash: md5
      md5: d5fb777ba4a9e8de778ad844df98d0a5
      size: 2076
  eda:
    cmd: "python ../../src/eda.py --input ../../artifacts/umu/data/interim/umu.pkl\
      \ --output ../../artifacts/umu/reports/interim/umu.tex\n"
    deps:
    - path: ../../artifacts/umu/data/interim/umu.pkl
      hash: md5
      md5: c6e81e2d30f7b20a4a5ab7ca834dcb0e
      size: 40240
    - path: ../../src/eda.py
      hash: md5
      md5: 5c7c479f69bebeb5246b594bb8901733
      size: 5957
    outs:
    - path: ../../artifacts/umu/reports/interim/umu.tex
      hash: md5
      md5: e937b5997077487f98f7781b3e76e0ad
      size: 6096
  eda_raw:
    cmd: "python ../../src/eda.py --input ../../artifacts/umu/data/interim/umu.pkl\
      \ --output ../../artifacts/umu/reports/interim/umu.tex\n"
    deps:
    - path: ../../artifacts/umu/data/interim/umu.pkl
      hash: md5
      md5: c6e81e2d30f7b20a4a5ab7ca834dcb0e
      size: 40240
    - path: ../../src/eda.py
      hash: md5
      md5: e6c9a4d447ccb8c1bda8160e694c241b
      size: 9439
    outs:
    - path: ../../artifacts/umu/reports/interim/umu.tex
      hash: md5
      md5: e7767c3a60a0dbc9089e94825213b9fe
      size: 10444
  eda_features:
    cmd: "python ../../src/eda.py --input ../../artifacts/umu/data/prepared/umu.pkl\
      \ --output ../../artifacts/umu/reports/prepared/umu.tex\n"
    deps:
    - path: ../../artifacts/umu/data/prepared/umu.pkl
      hash: md5
      md5: b2beedabe6c806473fa8729c79ad04f0
      size: 43301
    - path: ../../src/eda.py
      hash: md5
      md5: e6c9a4d447ccb8c1bda8160e694c241b
      size: 9439
    outs:
    - path: ../../artifacts/umu/reports/prepared/umu.tex
      hash: md5
      md5: f52eaef1ab8af1d5b65542950309894d
      size: 10570
