schema: '2.0'
stages:
  prepare:
    cmd: "unzip ../../artifacts/umu/data/raw/umu.zip -d ../../artifacts/umu/data/raw/\n\
      python ../../src/umu/prepare.py --method average --input ../../artifacts/umu/data/raw/tcp_nokia_20240325.xlsx\
      \ --output ../../artifacts/umu/data/interim/umu.pkl\nrm ../../artifacts/umu/data/raw/*.xlsx\n\
      rm ../../artifacts/umu/data/raw/__MACOSX/.*.xlsx\n"
    deps:
    - path: ../../artifacts/umu/data/raw/umu.zip
      hash: md5
      md5: 1345918b8746ab5f376b8787f408f32b
      size: 2489104
    - path: ../../src/umu/prepare.py
      hash: md5
      md5: 0dda223716a47bfd45a800f93c7f05c0
      size: 1299
    outs:
    - path: ../../artifacts/umu/data/interim/umu.pkl
      hash: md5
      md5: c6e81e2d30f7b20a4a5ab7ca834dcb0e
      size: 40240
  featurize:
    cmd: "python ../../src/umu/featurize.py --input ../../artifacts/umu/data/interim/umu.pkl\
      \ --output ../../artifacts/umu/data/prepared/umu.pkl\n"
    deps:
    - path: ../../artifacts/umu/data/interim/umu.pkl
      hash: md5
      md5: c6e81e2d30f7b20a4a5ab7ca834dcb0e
      size: 40240
    - path: ../../src/umu/featurize.py
      hash: md5
      md5: 3299259f9b378945ca5ef0549875fad8
      size: 2234
    outs:
    - path: ../../artifacts/umu/data/prepared/umu.pkl
      hash: md5
      md5: b2beedabe6c806473fa8729c79ad04f0
      size: 43301
  split@Random:
    cmd: "python ../../src/umu/split.py --input ../../artifacts/umu/data/prepared/umu.pkl\
      \ --split Random --output-indices ../../artifacts/umu/data/splits/RandomSplit.pkl\n"
    deps:
    - path: ../../artifacts/umu/data/prepared/umu.pkl
      hash: md5
      md5: b2beedabe6c806473fa8729c79ad04f0
      size: 43301
    - path: ../../src/umu/split.py
      hash: md5
      md5: b9482219ab17f1dcae27076cd8c24ed2
      size: 2355
    params:
      params.yaml:
        split:
          seed: 42
          n_splits: 5
          test_size: 0.2
    outs:
    - path: ../../artifacts/umu/data/splits/RandomSplit.pkl
      hash: md5
      md5: 814c76b0cf768cf84ae564d75c149ff9
      size: 88707
  optimization@Random-LinearRegression:
    cmd: "python ../../src/benchmark.py --use LinearRegression --data ../../artifacts/umu/data/prepared/umu.pkl\
      \ --split-indices ../../artifacts/umu/data/splits/RandomSplit.pkl --output-results\
      \ ../../artifacts/umu/models/LinearRegression-RandomSplit-results.pkl\n"
    deps:
    - path: ../../artifacts/umu/data/prepared/umu.pkl
      hash: md5
      md5: b2beedabe6c806473fa8729c79ad04f0
      size: 43301
    - path: ../../artifacts/umu/data/splits/RandomSplit.pkl
      hash: md5
      md5: 814c76b0cf768cf84ae564d75c149ff9
      size: 88707
    - path: ../../src/benchmark.py
      hash: md5
      md5: 36954e5dbd3d1da8547e63a6d2f37ddf
      size: 8473
    params:
      params.yaml:
        models.LinearRegression:
          module: sklearn.linear_model
          class: LinearRegression
    outs:
    - path: ../../artifacts/umu/models/LinearRegression-RandomSplit-results.pkl
      hash: md5
      md5: 10089b55d429f4fabb23383780ee917e
      size: 73117
  split@KFold:
    cmd: "python ../../src/umu/split.py --input ../../artifacts/umu/data/prepared/umu.pkl\
      \ --split KFold --output-indices ../../artifacts/umu/data/splits/KFoldSplit.pkl\n"
    deps:
    - path: ../../artifacts/umu/data/prepared/umu.pkl
      hash: md5
      md5: b2beedabe6c806473fa8729c79ad04f0
      size: 43301
    - path: ../../src/umu/split.py
      hash: md5
      md5: b9482219ab17f1dcae27076cd8c24ed2
      size: 2355
    params:
      params.yaml:
        split:
          seed: 42
          n_splits: 5
          test_size: 0.2
    outs:
    - path: ../../artifacts/umu/data/splits/KFoldSplit.pkl
      hash: md5
      md5: 054f46afa6fb485a4dde577e295abf3b
      size: 88666
  optimization@KFold-XGBRegressor:
    cmd: "python ../../src/benchmark.py --use XGBRegressor --data ../../artifacts/umu/data/prepared/umu.pkl\
      \ --split-indices ../../artifacts/umu/data/splits/KFoldSplit.pkl --output-results\
      \ ../../artifacts/umu/models/XGBRegressor-KFoldSplit-results.pkl\n"
    deps:
    - path: ../../artifacts/umu/data/prepared/umu.pkl
      hash: md5
      md5: b2beedabe6c806473fa8729c79ad04f0
      size: 43301
    - path: ../../artifacts/umu/data/splits/KFoldSplit.pkl
      hash: md5
      md5: 054f46afa6fb485a4dde577e295abf3b
      size: 88666
    - path: ../../src/benchmark.py
      hash: md5
      md5: 36954e5dbd3d1da8547e63a6d2f37ddf
      size: 8473
    params:
      params.yaml:
        models.XGBRegressor:
          module: xgboost
          class: XGBRegressor
          parameters:
            random_state: 42
            enable_categorical: true
    outs:
    - path: ../../artifacts/umu/models/XGBRegressor-KFoldSplit-results.pkl
      hash: md5
      md5: 7935d73500748f26e7a558f33123a354
      size: 72976
  optimization@KFold-RandomForestRegressor:
    cmd: "python ../../src/benchmark.py --use RandomForestRegressor --data ../../artifacts/umu/data/prepared/umu.pkl\
      \ --split-indices ../../artifacts/umu/data/splits/KFoldSplit.pkl --output-results\
      \ ../../artifacts/umu/models/RandomForestRegressor-KFoldSplit-results.pkl\n"
    deps:
    - path: ../../artifacts/umu/data/prepared/umu.pkl
      hash: md5
      md5: b2beedabe6c806473fa8729c79ad04f0
      size: 43301
    - path: ../../artifacts/umu/data/splits/KFoldSplit.pkl
      hash: md5
      md5: 054f46afa6fb485a4dde577e295abf3b
      size: 88666
    - path: ../../src/benchmark.py
      hash: md5
      md5: 36954e5dbd3d1da8547e63a6d2f37ddf
      size: 8473
    params:
      params.yaml:
        models.RandomForestRegressor:
          module: sklearn.ensemble
          class: RandomForestRegressor
          parameters:
            random_state: 42
          hyperparameters:
            n_estimators:
            - 10
            - 50
            - 100
            - 250
            - 400
            max_depth:
            - 5
            - 10
            - 30
            - 50
            - 150
            - 200
            - 
    outs:
    - path: ../../artifacts/umu/models/RandomForestRegressor-KFoldSplit-results.pkl
      hash: md5
      md5: 6306466efe526dbed088d6885cdb404d
      size: 73018
  split@LeaveOneGroupOut:
    cmd: "python ../../src/umu/split.py --input ../../artifacts/umu/data/prepared/umu.pkl\
      \ --split LeaveOneGroupOut --output-indices ../../artifacts/umu/data/splits/LeaveOneGroupOutSplit.pkl\n"
    deps:
    - path: ../../artifacts/umu/data/prepared/umu.pkl
      hash: md5
      md5: b2beedabe6c806473fa8729c79ad04f0
      size: 43301
    - path: ../../src/umu/split.py
      hash: md5
      md5: b9482219ab17f1dcae27076cd8c24ed2
      size: 2355
    params:
      params.yaml:
        split:
          seed: 42
          n_splits: 5
          test_size: 0.2
    outs:
    - path: ../../artifacts/umu/data/splits/LeaveOneGroupOutSplit.pkl
      hash: md5
      md5: 604b430f9d0361ac2c0c4e43afe7b7be
      size: 34990661
  optimization@LeaveOneGroupOut-KNeighborsRegressor:
    cmd: "python ../../src/benchmark.py --use KNeighborsRegressor --data ../../artifacts/umu/data/prepared/umu.pkl\
      \ --split-indices ../../artifacts/umu/data/splits/LeaveOneGroupOutSplit.pkl\
      \ --output-results ../../artifacts/umu/models/KNeighborsRegressor-LeaveOneGroupOutSplit-results.pkl\n"
    deps:
    - path: ../../artifacts/umu/data/prepared/umu.pkl
      hash: md5
      md5: b2beedabe6c806473fa8729c79ad04f0
      size: 43301
    - path: ../../artifacts/umu/data/splits/LeaveOneGroupOutSplit.pkl
      hash: md5
      md5: 604b430f9d0361ac2c0c4e43afe7b7be
      size: 34990661
    - path: ../../src/benchmark.py
      hash: md5
      md5: 36954e5dbd3d1da8547e63a6d2f37ddf
      size: 8473
    params:
      params.yaml:
        models.KNeighborsRegressor:
          module: sklearn.neighbors
          class: KNeighborsRegressor
          hyperparameters:
            n_neighbors:
            - 3
            weights:
            - uniform
            - distance
            p:
            - 1
            - 2
            leaf_size:
            - 10
            - 15
            - 30
            metric:
            - euclidean
    outs:
    - path: ../../artifacts/umu/models/KNeighborsRegressor-LeaveOneGroupOutSplit-results.pkl
      hash: md5
      md5: fd6e7b66e4bbf6114b7bcd803b7552c8
      size: 710386
  optimization@Random-RandomForestRegressor:
    cmd: "python ../../src/benchmark.py --use RandomForestRegressor --data ../../artifacts/umu/data/prepared/umu.pkl\
      \ --split-indices ../../artifacts/umu/data/splits/RandomSplit.pkl --output-results\
      \ ../../artifacts/umu/models/RandomForestRegressor-RandomSplit-results.pkl\n"
    deps:
    - path: ../../artifacts/umu/data/prepared/umu.pkl
      hash: md5
      md5: b2beedabe6c806473fa8729c79ad04f0
      size: 43301
    - path: ../../artifacts/umu/data/splits/RandomSplit.pkl
      hash: md5
      md5: 814c76b0cf768cf84ae564d75c149ff9
      size: 88707
    - path: ../../src/benchmark.py
      hash: md5
      md5: 36954e5dbd3d1da8547e63a6d2f37ddf
      size: 8473
    params:
      params.yaml:
        models.RandomForestRegressor:
          module: sklearn.ensemble
          class: RandomForestRegressor
          parameters:
            random_state: 42
          hyperparameters:
            n_estimators:
            - 10
            - 50
            - 100
            - 250
            - 400
            max_depth:
            - 5
            - 10
            - 30
            - 50
            - 150
            - 200
            - 
    outs:
    - path: ../../artifacts/umu/models/RandomForestRegressor-RandomSplit-results.pkl
      hash: md5
      md5: b139c75a62b6fac3956a9bbbf60ea9b0
      size: 73155
  optimization@Random-KNeighborsRegressor:
    cmd: "python ../../src/benchmark.py --use KNeighborsRegressor --data ../../artifacts/umu/data/prepared/umu.pkl\
      \ --split-indices ../../artifacts/umu/data/splits/RandomSplit.pkl --output-results\
      \ ../../artifacts/umu/models/KNeighborsRegressor-RandomSplit-results.pkl\n"
    deps:
    - path: ../../artifacts/umu/data/prepared/umu.pkl
      hash: md5
      md5: b2beedabe6c806473fa8729c79ad04f0
      size: 43301
    - path: ../../artifacts/umu/data/splits/RandomSplit.pkl
      hash: md5
      md5: 814c76b0cf768cf84ae564d75c149ff9
      size: 88707
    - path: ../../src/benchmark.py
      hash: md5
      md5: 36954e5dbd3d1da8547e63a6d2f37ddf
      size: 8473
    params:
      params.yaml:
        models.KNeighborsRegressor:
          module: sklearn.neighbors
          class: KNeighborsRegressor
          hyperparameters:
            n_neighbors:
            - 3
            - 5
            - 10
            weights:
            - uniform
            - distance
            p:
            - 1
            - 2
            leaf_size:
            - 10
            - 15
            - 30
            metric:
            - minkowski
            - euclidean
    outs:
    - path: ../../artifacts/umu/models/KNeighborsRegressor-RandomSplit-results.pkl
      hash: md5
      md5: 83b0207b830227c27aec78a3cf7f23e8
      size: 73200
  optimization@Random-XGBRegressor:
    cmd: "python ../../src/benchmark.py --use XGBRegressor --data ../../artifacts/umu/data/prepared/umu.pkl\
      \ --split-indices ../../artifacts/umu/data/splits/RandomSplit.pkl --output-results\
      \ ../../artifacts/umu/models/XGBRegressor-RandomSplit-results.pkl\n"
    deps:
    - path: ../../artifacts/umu/data/prepared/umu.pkl
      hash: md5
      md5: b2beedabe6c806473fa8729c79ad04f0
      size: 43301
    - path: ../../artifacts/umu/data/splits/RandomSplit.pkl
      hash: md5
      md5: 814c76b0cf768cf84ae564d75c149ff9
      size: 88707
    - path: ../../src/benchmark.py
      hash: md5
      md5: 36954e5dbd3d1da8547e63a6d2f37ddf
      size: 8473
    params:
      params.yaml:
        models.XGBRegressor:
          module: xgboost
          class: XGBRegressor
          parameters:
            random_state: 42
            enable_categorical: true
    outs:
    - path: ../../artifacts/umu/models/XGBRegressor-RandomSplit-results.pkl
      hash: md5
      md5: 118c48df658aa92c397216f0d0c456b9
      size: 73113
  optimization@KFold-LinearRegression:
    cmd: "python ../../src/benchmark.py --use LinearRegression --data ../../artifacts/umu/data/prepared/umu.pkl\
      \ --split-indices ../../artifacts/umu/data/splits/KFoldSplit.pkl --output-results\
      \ ../../artifacts/umu/models/LinearRegression-KFoldSplit-results.pkl\n"
    deps:
    - path: ../../artifacts/umu/data/prepared/umu.pkl
      hash: md5
      md5: b2beedabe6c806473fa8729c79ad04f0
      size: 43301
    - path: ../../artifacts/umu/data/splits/KFoldSplit.pkl
      hash: md5
      md5: 054f46afa6fb485a4dde577e295abf3b
      size: 88666
    - path: ../../src/benchmark.py
      hash: md5
      md5: 36954e5dbd3d1da8547e63a6d2f37ddf
      size: 8473
    params:
      params.yaml:
        models.LinearRegression:
          module: sklearn.linear_model
          class: LinearRegression
    outs:
    - path: ../../artifacts/umu/models/LinearRegression-KFoldSplit-results.pkl
      hash: md5
      md5: f81dc3c7d63828b1281196fb92a0daf5
      size: 72980
  optimization@KFold-KNeighborsRegressor:
    cmd: "python ../../src/benchmark.py --use KNeighborsRegressor --data ../../artifacts/umu/data/prepared/umu.pkl\
      \ --split-indices ../../artifacts/umu/data/splits/KFoldSplit.pkl --output-results\
      \ ../../artifacts/umu/models/KNeighborsRegressor-KFoldSplit-results.pkl\n"
    deps:
    - path: ../../artifacts/umu/data/prepared/umu.pkl
      hash: md5
      md5: b2beedabe6c806473fa8729c79ad04f0
      size: 43301
    - path: ../../artifacts/umu/data/splits/KFoldSplit.pkl
      hash: md5
      md5: 054f46afa6fb485a4dde577e295abf3b
      size: 88666
    - path: ../../src/benchmark.py
      hash: md5
      md5: 36954e5dbd3d1da8547e63a6d2f37ddf
      size: 8473
    params:
      params.yaml:
        models.KNeighborsRegressor:
          module: sklearn.neighbors
          class: KNeighborsRegressor
          hyperparameters:
            n_neighbors:
            - 3
            - 5
            - 10
            weights:
            - uniform
            - distance
            p:
            - 1
            - 2
            leaf_size:
            - 10
            - 15
            - 30
            metric:
            - minkowski
            - euclidean
    outs:
    - path: ../../artifacts/umu/models/KNeighborsRegressor-KFoldSplit-results.pkl
      hash: md5
      md5: b2fadb00f72e3128d18d674bd2100ec6
      size: 73063
  optimization@LeaveOneGroupOut-LinearRegression:
    cmd: "python ../../src/benchmark.py --use LinearRegression --data ../../artifacts/umu/data/prepared/umu.pkl\
      \ --split-indices ../../artifacts/umu/data/splits/LeaveOneGroupOutSplit.pkl\
      \ --output-results ../../artifacts/umu/models/LinearRegression-LeaveOneGroupOutSplit-results.pkl\n"
    deps:
    - path: ../../artifacts/umu/data/prepared/umu.pkl
      hash: md5
      md5: b2beedabe6c806473fa8729c79ad04f0
      size: 43301
    - path: ../../artifacts/umu/data/splits/LeaveOneGroupOutSplit.pkl
      hash: md5
      md5: 604b430f9d0361ac2c0c4e43afe7b7be
      size: 34990661
    - path: ../../src/benchmark.py
      hash: md5
      md5: 36954e5dbd3d1da8547e63a6d2f37ddf
      size: 8473
    params:
      params.yaml:
        models.LinearRegression:
          module: sklearn.linear_model
          class: LinearRegression
    outs:
    - path: ../../artifacts/umu/models/LinearRegression-LeaveOneGroupOutSplit-results.pkl
      hash: md5
      md5: cbb3b17542387d5b653d5343bc31a636
      size: 710303
  optimization@LeaveOneGroupOut-RandomForestRegressor:
    cmd: "python ../../src/benchmark.py --use RandomForestRegressor --data ../../artifacts/umu/data/prepared/umu.pkl\
      \ --split-indices ../../artifacts/umu/data/splits/LeaveOneGroupOutSplit.pkl\
      \ --output-results ../../artifacts/umu/models/RandomForestRegressor-LeaveOneGroupOutSplit-results.pkl\n"
    deps:
    - path: ../../artifacts/umu/data/prepared/umu.pkl
      hash: md5
      md5: b2beedabe6c806473fa8729c79ad04f0
      size: 43301
    - path: ../../artifacts/umu/data/splits/LeaveOneGroupOutSplit.pkl
      hash: md5
      md5: 604b430f9d0361ac2c0c4e43afe7b7be
      size: 34990661
    - path: ../../src/benchmark.py
      hash: md5
      md5: 36954e5dbd3d1da8547e63a6d2f37ddf
      size: 8473
    params:
      params.yaml:
        models.RandomForestRegressor:
          module: sklearn.ensemble
          class: RandomForestRegressor
          parameters:
            random_state: 42
          hyperparameters:
            n_estimators:
            - 10
            max_depth:
            - 5
    outs:
    - path: ../../artifacts/umu/models/RandomForestRegressor-LeaveOneGroupOutSplit-results.pkl
      hash: md5
      md5: d93131b7d48a6fb0e490a73419b3970c
      size: 710341
  optimization@LeaveOneGroupOut-XGBRegressor:
    cmd: "python ../../src/benchmark.py --use XGBRegressor --data ../../artifacts/umu/data/prepared/umu.pkl\
      \ --split-indices ../../artifacts/umu/data/splits/LeaveOneGroupOutSplit.pkl\
      \ --output-results ../../artifacts/umu/models/XGBRegressor-LeaveOneGroupOutSplit-results.pkl\n"
    deps:
    - path: ../../artifacts/umu/data/prepared/umu.pkl
      hash: md5
      md5: b2beedabe6c806473fa8729c79ad04f0
      size: 43301
    - path: ../../artifacts/umu/data/splits/LeaveOneGroupOutSplit.pkl
      hash: md5
      md5: 604b430f9d0361ac2c0c4e43afe7b7be
      size: 34990661
    - path: ../../src/benchmark.py
      hash: md5
      md5: 36954e5dbd3d1da8547e63a6d2f37ddf
      size: 8473
    params:
      params.yaml:
        models.XGBRegressor:
          module: xgboost
          class: XGBRegressor
          parameters:
            random_state: 42
            enable_categorical: true
    outs:
    - path: ../../artifacts/umu/models/XGBRegressor-LeaveOneGroupOutSplit-results.pkl
      hash: md5
      md5: eaeb29cedf40f3b5eb346e715a912abb
      size: 710299
  evaluation:
    cmd: "python ../../src/report.py ../../artifacts/umu/models/*-results.pkl --output-report\
      \ ../../artifacts/umu/reports/metrics.json\n"
    deps:
    - path: ../../artifacts/umu/models
      hash: md5
      md5: 54174ace05d58d13dc6ea86eaad4ee73.dir
      size: 2005311
      nfiles: 11
    - path: ../../src/report.py
      hash: md5
      md5: d315d71b09a199d1b584e640cf9afe0f
      size: 1644
    outs:
    - path: ../../artifacts/umu/reports/metrics.json
      hash: md5
      md5: 097d5ece84d81082230809eaa3fbf427
      size: 1738
  eda:
    cmd: "python ../../src/eda.py --input ../../artifacts/umu/data/interim/umu.pkl\
      \ --output ../../artifacts/umu/reports/interim/umu.tex\n"
    deps:
    - path: ../../artifacts/umu/data/interim/umu.pkl
      hash: md5
      md5: c6e81e2d30f7b20a4a5ab7ca834dcb0e
      size: 40240
    - path: ../../src/eda.py
      hash: md5
      md5: 5c7c479f69bebeb5246b594bb8901733
      size: 5957
    outs:
    - path: ../../artifacts/umu/reports/interim/umu.tex
      hash: md5
      md5: e937b5997077487f98f7781b3e76e0ad
      size: 6096
  eda_raw:
    cmd: "python ../../src/eda.py --input ../../artifacts/umu/data/interim/umu.pkl\
      \ --output ../../artifacts/umu/reports/interim/umu.tex\n"
    deps:
    - path: ../../artifacts/umu/data/interim/umu.pkl
      hash: md5
      md5: c6e81e2d30f7b20a4a5ab7ca834dcb0e
      size: 40240
    - path: ../../src/eda.py
      hash: md5
      md5: 1a0090d05b9d76956b39fea5e8e8f993
      size: 7693
    outs:
    - path: ../../artifacts/umu/reports/interim/umu.tex
      hash: md5
      md5: 9af213af92bbb778f6e3f10ac3224da7
      size: 10388
  eda_features:
    cmd: "python ../../src/eda.py --input ../../artifacts/umu/data/prepared/umu.pkl\
      \ --output ../../artifacts/umu/reports/prepared/umu.tex\n"
    deps:
    - path: ../../artifacts/umu/data/prepared/umu.pkl
      hash: md5
      md5: b2beedabe6c806473fa8729c79ad04f0
      size: 43301
    - path: ../../src/eda.py
      hash: md5
      md5: 1a0090d05b9d76956b39fea5e8e8f993
      size: 7693
    outs:
    - path: ../../artifacts/umu/reports/prepared/umu.tex
      hash: md5
      md5: b95f21a023a44b57a66bef4a11ee0946
      size: 10642
